{
  "version": 4,
  "terraform_version": "1.2.8",
  "serial": 7,
  "lineage": "829dedb2-6ee7-7cea-d36c-339804dbea4d",
  "outputs": {},
  "resources": [
    {
      "module": "module.cn-gb-01-89",
      "mode": "data",
      "type": "template_file",
      "name": "network_config",
      "provider": "provider[\"registry.terraform.io/hashicorp/template\"]",
      "instances": [
        {
          "schema_version": 0,
          "attributes": {
            "filename": null,
            "id": "1b02d6806e0b41f61345436a85b46d1e0ba1afce2e69d9af66bafb2dc492b653",
            "rendered": "network:\n  version: 2\n  ethernets:\n    eth0:\n      dhcp4: false\n      addresses: [ 172.16.0.89/23 ]\n      gateway4: 172.16.0.1\n      nameservers:\n        addresses: [ 219.141.140.10 ]\n",
            "template": "network:\n  version: 2\n  ethernets:\n    eth0:\n      dhcp4: false\n      addresses: [ ${ipaddr} ]\n      gateway4: ${gateway}\n      nameservers:\n        addresses: [ ${dns} ]\n",
            "vars": {
              "dns": "219.141.140.10",
              "gateway": "172.16.0.1",
              "ipaddr": "172.16.0.89/23"
            }
          },
          "sensitive_attributes": []
        }
      ]
    },
    {
      "module": "module.cn-gb-01-89",
      "mode": "data",
      "type": "template_file",
      "name": "user_data",
      "provider": "provider[\"registry.terraform.io/hashicorp/template\"]",
      "instances": [
        {
          "schema_version": 0,
          "attributes": {
            "filename": null,
            "id": "015b3264a4c975ab818d24dc1ad52d5278975930f15cfcba72210e17e085c7cd",
            "rendered": "#cloud-config\nhostname: cn-gb-01-89\n#manage_etc_hosts: true\nusers:\n  - name: op\n    sudo: ALL=(ALL) NOPASSWD:ALL\n    groups: users, admin\n    home: /home/op\n    shell: /bin/bash\n    lock_passwd: false\n    ssh_authorized_keys:\n      - ssh-rsa AAAAB3NzaC1yc2EAAAADAQABAAABgQDAC1wRW/BROyk4FXi1sO6U38+diLH1F/OBgC4Vr1Iz4KPH8ER95ITBy+eJu1eAfhS0PIdH3/sLFf13NurIbt/wrsUIsfKc4/cC2/cKI+bLfGUhVH99XNEHkcKgKJ1IeGvckiTZi4H37rYj4IRdAwOYAwYwkD+lV+UWCSVz3mGJh6CePysfQtTv0oc3AT2zXCnAi+dbBSNNZOnKWAC1pe9QXmMPcqkxFAs7xJZdl548dAdjFgw6AitjSKZjuSR0h6ABQ6Z0rdr05fo2kJcJiZSN8342TcYLBiv7Xrr6NdIbGvBClPxHcibVPU04tgOtMPea1e3/rA0XfClcjpgjhxZl2mw04UJdYVDjrfRw9gJvKufACMllr9MC6xxZbSBgfGlNxeYYFrGvSaYNPaUqRY5aVdpn5vaLU3ocDq+BuCLrYb4cqMXeQHIaSg/LTHMDUng7G3abcG0Kr0y2mbarYjc/BeyDPRPaniZUIWvjSwqL/Q+iFHJ7y9zkdW4kpH44XQM= op@bj-zhwsapp-01  \n\nssh_pwauth: false\ndisable_root: false\nchpasswd:\n  list: |\n     op:Jieshi11gR2\n  expire: False\nruncmd:\n  - [ \"/bin/bash\", \"-c\", \"sudo /opt/replace-netplan\" ]\n  - [ \"/bin/bash\", \"-c\", \"sudo rm -rf /opt/replace-netplan\" ]\n\n",
            "template": "#cloud-config\nhostname: ${hostname}\n#manage_etc_hosts: true\nusers:\n  - name: op\n    sudo: ALL=(ALL) NOPASSWD:ALL\n    groups: users, admin\n    home: /home/op\n    shell: /bin/bash\n    lock_passwd: false\n    ssh_authorized_keys:\n      - ssh-rsa AAAAB3NzaC1yc2EAAAADAQABAAABgQDAC1wRW/BROyk4FXi1sO6U38+diLH1F/OBgC4Vr1Iz4KPH8ER95ITBy+eJu1eAfhS0PIdH3/sLFf13NurIbt/wrsUIsfKc4/cC2/cKI+bLfGUhVH99XNEHkcKgKJ1IeGvckiTZi4H37rYj4IRdAwOYAwYwkD+lV+UWCSVz3mGJh6CePysfQtTv0oc3AT2zXCnAi+dbBSNNZOnKWAC1pe9QXmMPcqkxFAs7xJZdl548dAdjFgw6AitjSKZjuSR0h6ABQ6Z0rdr05fo2kJcJiZSN8342TcYLBiv7Xrr6NdIbGvBClPxHcibVPU04tgOtMPea1e3/rA0XfClcjpgjhxZl2mw04UJdYVDjrfRw9gJvKufACMllr9MC6xxZbSBgfGlNxeYYFrGvSaYNPaUqRY5aVdpn5vaLU3ocDq+BuCLrYb4cqMXeQHIaSg/LTHMDUng7G3abcG0Kr0y2mbarYjc/BeyDPRPaniZUIWvjSwqL/Q+iFHJ7y9zkdW4kpH44XQM= op@bj-zhwsapp-01  \n\nssh_pwauth: false\ndisable_root: false\nchpasswd:\n  list: |\n     op:Jieshi11gR2\n  expire: False\nruncmd:\n  - [ \"/bin/bash\", \"-c\", \"sudo /opt/replace-netplan\" ]\n  - [ \"/bin/bash\", \"-c\", \"sudo rm -rf /opt/replace-netplan\" ]\n\n",
            "vars": {
              "hostname": "cn-gb-01-89"
            }
          },
          "sensitive_attributes": []
        }
      ]
    },
    {
      "module": "module.cn-gb-01-89",
      "mode": "managed",
      "type": "libvirt_cloudinit_disk",
      "name": "commoninit",
      "provider": "module.cn-gb-01-89.provider[\"registry.terraform.io/dmacvicar/libvirt\"]",
      "instances": [
        {
          "schema_version": 0,
          "attributes": {
            "id": "/data/VMs/cn-gb-01-89_pool/commoninit.iso;f29b872b-9b4d-43f4-8f72-5ee187d0e1ce",
            "meta_data": "",
            "name": "commoninit.iso",
            "network_config": "network:\n  version: 2\n  ethernets:\n    eth0:\n      dhcp4: false\n      addresses: [ 172.16.0.89/23 ]\n      gateway4: 172.16.0.1\n      nameservers:\n        addresses: [ 219.141.140.10 ]\n",
            "pool": "cn-gb-01-89_pool",
            "user_data": "#cloud-config\nhostname: cn-gb-01-89\n#manage_etc_hosts: true\nusers:\n  - name: op\n    sudo: ALL=(ALL) NOPASSWD:ALL\n    groups: users, admin\n    home: /home/op\n    shell: /bin/bash\n    lock_passwd: false\n    ssh_authorized_keys:\n      - ssh-rsa AAAAB3NzaC1yc2EAAAADAQABAAABgQDAC1wRW/BROyk4FXi1sO6U38+diLH1F/OBgC4Vr1Iz4KPH8ER95ITBy+eJu1eAfhS0PIdH3/sLFf13NurIbt/wrsUIsfKc4/cC2/cKI+bLfGUhVH99XNEHkcKgKJ1IeGvckiTZi4H37rYj4IRdAwOYAwYwkD+lV+UWCSVz3mGJh6CePysfQtTv0oc3AT2zXCnAi+dbBSNNZOnKWAC1pe9QXmMPcqkxFAs7xJZdl548dAdjFgw6AitjSKZjuSR0h6ABQ6Z0rdr05fo2kJcJiZSN8342TcYLBiv7Xrr6NdIbGvBClPxHcibVPU04tgOtMPea1e3/rA0XfClcjpgjhxZl2mw04UJdYVDjrfRw9gJvKufACMllr9MC6xxZbSBgfGlNxeYYFrGvSaYNPaUqRY5aVdpn5vaLU3ocDq+BuCLrYb4cqMXeQHIaSg/LTHMDUng7G3abcG0Kr0y2mbarYjc/BeyDPRPaniZUIWvjSwqL/Q+iFHJ7y9zkdW4kpH44XQM= op@bj-zhwsapp-01  \n\nssh_pwauth: false\ndisable_root: false\nchpasswd:\n  list: |\n     op:Jieshi11gR2\n  expire: False\nruncmd:\n  - [ \"/bin/bash\", \"-c\", \"sudo /opt/replace-netplan\" ]\n  - [ \"/bin/bash\", \"-c\", \"sudo rm -rf /opt/replace-netplan\" ]\n\n"
          },
          "sensitive_attributes": [],
          "private": "bnVsbA==",
          "dependencies": [
            "module.cn-gb-01-89.data.template_file.network_config",
            "module.cn-gb-01-89.data.template_file.user_data",
            "module.cn-gb-01-89.libvirt_pool.general"
          ]
        }
      ]
    },
    {
      "module": "module.cn-gb-01-89",
      "mode": "managed",
      "type": "libvirt_domain",
      "name": "general-domain",
      "provider": "module.cn-gb-01-89.provider[\"registry.terraform.io/dmacvicar/libvirt\"]",
      "instances": [
        {
          "schema_version": 0,
          "attributes": {
            "arch": "x86_64",
            "autostart": false,
            "boot_device": [],
            "cloudinit": "/data/VMs/cn-gb-01-89_pool/commoninit.iso;f29b872b-9b4d-43f4-8f72-5ee187d0e1ce",
            "cmdline": null,
            "console": [
              {
                "source_host": "127.0.0.1",
                "source_path": "",
                "source_service": "0",
                "target_port": "0",
                "target_type": "serial",
                "type": "pty"
              }
            ],
            "coreos_ignition": null,
            "cpu": [
              {
                "mode": "custom"
              }
            ],
            "description": "",
            "disk": [
              {
                "block_device": "",
                "file": "",
                "scsi": false,
                "url": "",
                "volume_id": "/data/VMs/cn-gb-01-89_pool/cn-gb-01-89_image.qcow2",
                "wwn": ""
              },
              {
                "block_device": "",
                "file": "",
                "scsi": false,
                "url": "",
                "volume_id": "/data/VMs/cn-gb-01-89_pool/cn-gb-01-89-disk-data1",
                "wwn": ""
              },
              {
                "block_device": "",
                "file": "",
                "scsi": false,
                "url": "",
                "volume_id": "/data/VMs/cn-gb-01-89_pool/cn-gb-01-89-disk-data2",
                "wwn": ""
              }
            ],
            "emulator": "/usr/libexec/qemu-kvm",
            "filesystem": [],
            "firmware": null,
            "fw_cfg_name": "opt/com.coreos/config",
            "graphics": [
              {
                "autoport": true,
                "listen_address": "127.0.0.1",
                "listen_type": "address",
                "type": "vnc",
                "websocket": 0
              }
            ],
            "id": "bd618b20-48bd-474a-9a32-197c6016e047",
            "initrd": "",
            "kernel": "",
            "machine": "pc",
            "memory": 4096,
            "metadata": null,
            "name": "cn-gb-01-89",
            "network_interface": [
              {
                "addresses": [],
                "bridge": "br0",
                "hostname": "",
                "mac": "52:54:00:12:EC:25",
                "macvtap": "",
                "network_id": "",
                "network_name": "",
                "passthrough": "",
                "vepa": "",
                "wait_for_lease": false
              }
            ],
            "nvram": [],
            "qemu_agent": false,
            "running": true,
            "timeouts": null,
            "tpm": [],
            "vcpu": 2,
            "video": [],
            "xml": []
          },
          "sensitive_attributes": [],
          "private": "eyJlMmJmYjczMC1lY2FhLTExZTYtOGY4OC0zNDM2M2JjN2M0YzAiOnsiY3JlYXRlIjozMDAwMDAwMDAwMDB9fQ==",
          "dependencies": [
            "module.cn-gb-01-89.data.template_file.network_config",
            "module.cn-gb-01-89.data.template_file.user_data",
            "module.cn-gb-01-89.libvirt_cloudinit_disk.commoninit",
            "module.cn-gb-01-89.libvirt_pool.general",
            "module.cn-gb-01-89.libvirt_volume.disk_data1",
            "module.cn-gb-01-89.libvirt_volume.disk_data2",
            "module.cn-gb-01-89.libvirt_volume.image-qcow2"
          ]
        }
      ]
    },
    {
      "module": "module.cn-gb-01-89",
      "mode": "managed",
      "type": "libvirt_pool",
      "name": "general",
      "provider": "module.cn-gb-01-89.provider[\"registry.terraform.io/dmacvicar/libvirt\"]",
      "instances": [
        {
          "schema_version": 0,
          "attributes": {
            "allocation": 177303318528,
            "available": 3659445182464,
            "capacity": 3836748500992,
            "id": "562ea1cd-6e52-4c43-b89d-5bd48ceb6616",
            "name": "cn-gb-01-89_pool",
            "path": "/data/VMs/cn-gb-01-89_pool",
            "type": "dir",
            "xml": []
          },
          "sensitive_attributes": [],
          "private": "bnVsbA=="
        }
      ]
    },
    {
      "module": "module.cn-gb-01-89",
      "mode": "managed",
      "type": "libvirt_volume",
      "name": "disk_data1",
      "provider": "module.cn-gb-01-89.provider[\"registry.terraform.io/dmacvicar/libvirt\"]",
      "instances": [
        {
          "schema_version": 0,
          "attributes": {
            "base_volume_id": null,
            "base_volume_name": null,
            "base_volume_pool": null,
            "format": "qcow2",
            "id": "/data/VMs/cn-gb-01-89_pool/cn-gb-01-89-disk-data1",
            "name": "cn-gb-01-89-disk-data1",
            "pool": "cn-gb-01-89_pool",
            "size": 10737418240,
            "source": null,
            "xml": []
          },
          "sensitive_attributes": [],
          "private": "bnVsbA==",
          "dependencies": [
            "module.cn-gb-01-89.libvirt_pool.general"
          ]
        }
      ]
    },
    {
      "module": "module.cn-gb-01-89",
      "mode": "managed",
      "type": "libvirt_volume",
      "name": "disk_data2",
      "provider": "module.cn-gb-01-89.provider[\"registry.terraform.io/dmacvicar/libvirt\"]",
      "instances": [
        {
          "schema_version": 0,
          "attributes": {
            "base_volume_id": null,
            "base_volume_name": null,
            "base_volume_pool": null,
            "format": "qcow2",
            "id": "/data/VMs/cn-gb-01-89_pool/cn-gb-01-89-disk-data2",
            "name": "cn-gb-01-89-disk-data2",
            "pool": "cn-gb-01-89_pool",
            "size": 10737418240,
            "source": null,
            "xml": []
          },
          "sensitive_attributes": [],
          "private": "bnVsbA==",
          "dependencies": [
            "module.cn-gb-01-89.libvirt_pool.general"
          ]
        }
      ]
    },
    {
      "module": "module.cn-gb-01-89",
      "mode": "managed",
      "type": "libvirt_volume",
      "name": "image-qcow2",
      "provider": "module.cn-gb-01-89.provider[\"registry.terraform.io/dmacvicar/libvirt\"]",
      "instances": [
        {
          "schema_version": 0,
          "attributes": {
            "base_volume_id": null,
            "base_volume_name": null,
            "base_volume_pool": null,
            "format": "qcow2",
            "id": "/data/VMs/cn-gb-01-89_pool/cn-gb-01-89_image.qcow2",
            "name": "cn-gb-01-89_image.qcow2",
            "pool": "cn-gb-01-89_pool",
            "size": 42949672960,
            "source": "http://172.16.0.1/dl/Template-GenericCloud-US22U4P1.qcow2",
            "xml": []
          },
          "sensitive_attributes": [],
          "private": "bnVsbA==",
          "dependencies": [
            "module.cn-gb-01-89.libvirt_pool.general"
          ]
        }
      ]
    }
  ]
}
