{
  "version": 4,
  "terraform_version": "1.2.8",
  "serial": 19,
  "lineage": "62e6d060-9c5e-1af9-a024-3ff861038fc8",
  "outputs": {},
  "resources": [
    {
      "module": "module.ad-es-216",
      "mode": "data",
      "type": "template_file",
      "name": "network_config",
      "provider": "provider[\"registry.terraform.io/hashicorp/template\"]",
      "instances": [
        {
          "schema_version": 0,
          "attributes": {
            "filename": null,
            "id": "45a759f97b9750be6477698c3427e1e99e2d28e6c5af940f6c21e7291c933268",
            "rendered": "version: 2\nethernets:\n  eth0:\n    dhcp4: false\n    addresses: [ 172.16.0.216/23 ]\n    gateway4: 172.16.0.1\n    nameservers:\n      addresses: [ 219.141.140.10 ]\n",
            "template": "version: 2\nethernets:\n  eth0:\n    dhcp4: false\n    addresses: [ ${ipaddr} ]\n    gateway4: ${gateway}\n    nameservers:\n      addresses: [ ${dns} ]\n",
            "vars": {
              "dns": "219.141.140.10",
              "gateway": "172.16.0.1",
              "ipaddr": "172.16.0.216/23"
            }
          },
          "sensitive_attributes": []
        }
      ]
    },
    {
      "module": "module.ad-es-216",
      "mode": "data",
      "type": "template_file",
      "name": "user_data",
      "provider": "provider[\"registry.terraform.io/hashicorp/template\"]",
      "instances": [
        {
          "schema_version": 0,
          "attributes": {
            "filename": null,
            "id": "4a6421c3530f163717023943ecb35b6308a4166da86e037d1d782ff43213cb42",
            "rendered": "#cloud-config\nhostname: ad-es-216\nusers:\n  - name: op\n    sudo: ALL=(ALL) NOPASSWD:ALL\n    groups: adm,sys\n    home: /home/op\n    shell: /bin/bash\n    lock_passwd: false\n    ssh_authorized_keys:\n      - ssh-rsa AAAAB3NzaC1yc2EAAAADAQABAAABgQDAC1wRW/BROyk4FXi1sO6U38+diLH1F/OBgC4Vr1Iz4KPH8ER95ITBy+eJu1eAfhS0PIdH3/sLFf13NurIbt/wrsUIsfKc4/cC2/cKI+bLfGUhVH99XNEHkcKgKJ1IeGvckiTZi4H37rYj4IRdAwOYAwYwkD+lV+UWCSVz3mGJh6CePysfQtTv0oc3AT2zXCnAi+dbBSNNZOnKWAC1pe9QXmMPcqkxFAs7xJZdl548dAdjFgw6AitjSKZjuSR0h6ABQ6Z0rdr05fo2kJcJiZSN8342TcYLBiv7Xrr6NdIbGvBClPxHcibVPU04tgOtMPea1e3/rA0XfClcjpgjhxZl2mw04UJdYVDjrfRw9gJvKufACMllr9MC6xxZbSBgfGlNxeYYFrGvSaYNPaUqRY5aVdpn5vaLU3ocDq+BuCLrYb4cqMXeQHIaSg/LTHMDUng7G3abcG0Kr0y2mbarYjc/BeyDPRPaniZUIWvjSwqL/Q+iFHJ7y9zkdW4kpH44XQM= op@bj-zhwsapp-01\nssh_pwauth: false\ndisable_root: false\nchpasswd:\n  list: |\n     op:Jieshi11gR2\n  expire: False\n\n# CentOS doesn't respect the hostname parameter above for some reason\nruncmd:\n  - [ \"/bin/bash\", \"-c\", \"sudo hostnamectl set-hostname ad-es-216\" ]\n",
            "template": "#cloud-config\nhostname: ${hostname}\nusers:\n  - name: op\n    sudo: ALL=(ALL) NOPASSWD:ALL\n    groups: adm,sys\n    home: /home/op\n    shell: /bin/bash\n    lock_passwd: false\n    ssh_authorized_keys:\n      - ssh-rsa AAAAB3NzaC1yc2EAAAADAQABAAABgQDAC1wRW/BROyk4FXi1sO6U38+diLH1F/OBgC4Vr1Iz4KPH8ER95ITBy+eJu1eAfhS0PIdH3/sLFf13NurIbt/wrsUIsfKc4/cC2/cKI+bLfGUhVH99XNEHkcKgKJ1IeGvckiTZi4H37rYj4IRdAwOYAwYwkD+lV+UWCSVz3mGJh6CePysfQtTv0oc3AT2zXCnAi+dbBSNNZOnKWAC1pe9QXmMPcqkxFAs7xJZdl548dAdjFgw6AitjSKZjuSR0h6ABQ6Z0rdr05fo2kJcJiZSN8342TcYLBiv7Xrr6NdIbGvBClPxHcibVPU04tgOtMPea1e3/rA0XfClcjpgjhxZl2mw04UJdYVDjrfRw9gJvKufACMllr9MC6xxZbSBgfGlNxeYYFrGvSaYNPaUqRY5aVdpn5vaLU3ocDq+BuCLrYb4cqMXeQHIaSg/LTHMDUng7G3abcG0Kr0y2mbarYjc/BeyDPRPaniZUIWvjSwqL/Q+iFHJ7y9zkdW4kpH44XQM= op@bj-zhwsapp-01\nssh_pwauth: false\ndisable_root: false\nchpasswd:\n  list: |\n     op:Jieshi11gR2\n  expire: False\n\n# CentOS doesn't respect the hostname parameter above for some reason\nruncmd:\n  - [ \"/bin/bash\", \"-c\", \"sudo hostnamectl set-hostname ${hostname}\" ]\n",
            "vars": {
              "hostname": "ad-es-216"
            }
          },
          "sensitive_attributes": []
        }
      ]
    },
    {
      "module": "module.ad-es-216",
      "mode": "managed",
      "type": "libvirt_cloudinit_disk",
      "name": "commoninit",
      "provider": "module.ad-es-216.provider[\"registry.terraform.io/dmacvicar/libvirt\"]",
      "instances": [
        {
          "schema_version": 0,
          "attributes": {
            "id": "/data/VMs/ad-es-216_pool/commoninit.iso;dfbd47a9-f703-4011-96ce-f6b3515d2df7",
            "meta_data": "",
            "name": "commoninit.iso",
            "network_config": "version: 2\nethernets:\n  eth0:\n    dhcp4: false\n    addresses: [ 172.16.0.216/23 ]\n    gateway4: 172.16.0.1\n    nameservers:\n      addresses: [ 219.141.140.10 ]\n",
            "pool": "ad-es-216_pool",
            "user_data": "#cloud-config\nhostname: ad-es-216\nusers:\n  - name: op\n    sudo: ALL=(ALL) NOPASSWD:ALL\n    groups: adm,sys\n    home: /home/op\n    shell: /bin/bash\n    lock_passwd: false\n    ssh_authorized_keys:\n      - ssh-rsa AAAAB3NzaC1yc2EAAAADAQABAAABgQDAC1wRW/BROyk4FXi1sO6U38+diLH1F/OBgC4Vr1Iz4KPH8ER95ITBy+eJu1eAfhS0PIdH3/sLFf13NurIbt/wrsUIsfKc4/cC2/cKI+bLfGUhVH99XNEHkcKgKJ1IeGvckiTZi4H37rYj4IRdAwOYAwYwkD+lV+UWCSVz3mGJh6CePysfQtTv0oc3AT2zXCnAi+dbBSNNZOnKWAC1pe9QXmMPcqkxFAs7xJZdl548dAdjFgw6AitjSKZjuSR0h6ABQ6Z0rdr05fo2kJcJiZSN8342TcYLBiv7Xrr6NdIbGvBClPxHcibVPU04tgOtMPea1e3/rA0XfClcjpgjhxZl2mw04UJdYVDjrfRw9gJvKufACMllr9MC6xxZbSBgfGlNxeYYFrGvSaYNPaUqRY5aVdpn5vaLU3ocDq+BuCLrYb4cqMXeQHIaSg/LTHMDUng7G3abcG0Kr0y2mbarYjc/BeyDPRPaniZUIWvjSwqL/Q+iFHJ7y9zkdW4kpH44XQM= op@bj-zhwsapp-01\nssh_pwauth: false\ndisable_root: false\nchpasswd:\n  list: |\n     op:Jieshi11gR2\n  expire: False\n\n# CentOS doesn't respect the hostname parameter above for some reason\nruncmd:\n  - [ \"/bin/bash\", \"-c\", \"sudo hostnamectl set-hostname ad-es-216\" ]\n"
          },
          "sensitive_attributes": [],
          "private": "bnVsbA==",
          "dependencies": [
            "module.ad-es-216.data.template_file.network_config",
            "module.ad-es-216.data.template_file.user_data",
            "module.ad-es-216.libvirt_pool.general"
          ]
        }
      ]
    },
    {
      "module": "module.ad-es-216",
      "mode": "managed",
      "type": "libvirt_domain",
      "name": "general-domain",
      "provider": "module.ad-es-216.provider[\"registry.terraform.io/dmacvicar/libvirt\"]",
      "instances": [
        {
          "schema_version": 0,
          "attributes": {
            "arch": "x86_64",
            "autostart": null,
            "boot_device": [],
            "cloudinit": "/data/VMs/ad-es-216_pool/commoninit.iso;dfbd47a9-f703-4011-96ce-f6b3515d2df7",
            "cmdline": null,
            "console": [
              {
                "source_host": "127.0.0.1",
                "source_path": "",
                "source_service": "0",
                "target_port": "0",
                "target_type": "serial",
                "type": "pty"
              }
            ],
            "coreos_ignition": null,
            "cpu": [],
            "description": "",
            "disk": [
              {
                "block_device": "",
                "file": "",
                "scsi": false,
                "url": "",
                "volume_id": "/data/VMs/ad-es-216_pool/ad-es-216_image.qcow2",
                "wwn": ""
              },
              {
                "block_device": "",
                "file": "",
                "scsi": false,
                "url": "",
                "volume_id": "/data/VMs/ad-es-216_pool/ad-es-216-disk-data1",
                "wwn": ""
              },
              {
                "block_device": "",
                "file": "",
                "scsi": false,
                "url": "",
                "volume_id": "/data/VMs/ad-es-216_pool/ad-es-216-disk-data2",
                "wwn": ""
              }
            ],
            "emulator": "/usr/libexec/qemu-kvm",
            "filesystem": [],
            "firmware": "",
            "fw_cfg_name": "opt/com.coreos/config",
            "graphics": [
              {
                "autoport": true,
                "listen_address": "127.0.0.1",
                "listen_type": "address",
                "type": "vnc",
                "websocket": 0
              }
            ],
            "id": "ce65fcaf-3433-488b-9221-d2325bf1e091",
            "initrd": "",
            "kernel": "",
            "machine": "pc",
            "memory": 4096,
            "metadata": null,
            "name": "ad-es-216",
            "network_interface": [
              {
                "addresses": [],
                "bridge": "br0",
                "hostname": "",
                "mac": "52:54:00:46:EB:4D",
                "macvtap": "",
                "network_id": "",
                "network_name": "",
                "passthrough": "",
                "vepa": "",
                "wait_for_lease": false
              }
            ],
            "nvram": [],
            "qemu_agent": false,
            "running": true,
            "timeouts": null,
            "tpm": [],
            "vcpu": 4,
            "video": [],
            "xml": []
          },
          "sensitive_attributes": [],
          "private": "eyJlMmJmYjczMC1lY2FhLTExZTYtOGY4OC0zNDM2M2JjN2M0YzAiOnsiY3JlYXRlIjozMDAwMDAwMDAwMDB9fQ==",
          "dependencies": [
            "module.ad-es-216.data.template_file.network_config",
            "module.ad-es-216.data.template_file.user_data",
            "module.ad-es-216.libvirt_cloudinit_disk.commoninit",
            "module.ad-es-216.libvirt_pool.general",
            "module.ad-es-216.libvirt_volume.disk_data1",
            "module.ad-es-216.libvirt_volume.disk_data2",
            "module.ad-es-216.libvirt_volume.image-qcow2"
          ]
        }
      ]
    },
    {
      "module": "module.ad-es-216",
      "mode": "managed",
      "type": "libvirt_pool",
      "name": "general",
      "provider": "module.ad-es-216.provider[\"registry.terraform.io/dmacvicar/libvirt\"]",
      "instances": [
        {
          "schema_version": 0,
          "attributes": {
            "allocation": 916841619456,
            "available": null,
            "capacity": 3836748500992,
            "id": "a1c8a605-b1eb-4405-8cfa-e8149d573aab",
            "name": "ad-es-216_pool",
            "path": "/data/VMs/ad-es-216_pool",
            "type": "dir",
            "xml": []
          },
          "sensitive_attributes": [],
          "private": "bnVsbA=="
        }
      ]
    },
    {
      "module": "module.ad-es-216",
      "mode": "managed",
      "type": "libvirt_volume",
      "name": "disk_data1",
      "provider": "module.ad-es-216.provider[\"registry.terraform.io/dmacvicar/libvirt\"]",
      "instances": [
        {
          "schema_version": 0,
          "attributes": {
            "base_volume_id": null,
            "base_volume_name": null,
            "base_volume_pool": null,
            "format": "qcow2",
            "id": "/data/VMs/ad-es-216_pool/ad-es-216-disk-data1",
            "name": "ad-es-216-disk-data1",
            "pool": "ad-es-216_pool",
            "size": 107374182400,
            "source": null,
            "xml": []
          },
          "sensitive_attributes": [],
          "private": "bnVsbA==",
          "dependencies": [
            "module.ad-es-216.libvirt_pool.general"
          ]
        }
      ]
    },
    {
      "module": "module.ad-es-216",
      "mode": "managed",
      "type": "libvirt_volume",
      "name": "disk_data2",
      "provider": "module.ad-es-216.provider[\"registry.terraform.io/dmacvicar/libvirt\"]",
      "instances": [
        {
          "schema_version": 0,
          "attributes": {
            "base_volume_id": null,
            "base_volume_name": null,
            "base_volume_pool": null,
            "format": "qcow2",
            "id": "/data/VMs/ad-es-216_pool/ad-es-216-disk-data2",
            "name": "ad-es-216-disk-data2",
            "pool": "ad-es-216_pool",
            "size": 107374182400,
            "source": null,
            "xml": []
          },
          "sensitive_attributes": [],
          "private": "bnVsbA==",
          "dependencies": [
            "module.ad-es-216.libvirt_pool.general"
          ]
        }
      ]
    },
    {
      "module": "module.ad-es-216",
      "mode": "managed",
      "type": "libvirt_volume",
      "name": "image-qcow2",
      "provider": "module.ad-es-216.provider[\"registry.terraform.io/dmacvicar/libvirt\"]",
      "instances": [
        {
          "schema_version": 0,
          "attributes": {
            "base_volume_id": null,
            "base_volume_name": null,
            "base_volume_pool": null,
            "format": "qcow2",
            "id": "/data/VMs/ad-es-216_pool/ad-es-216_image.qcow2",
            "name": "ad-es-216_image.qcow2",
            "pool": "ad-es-216_pool",
            "size": 42949672960,
            "source": "http://172.16.0.1/dl/Template-GenericCloud-OL8U6.qcow2",
            "xml": []
          },
          "sensitive_attributes": [],
          "private": "bnVsbA==",
          "dependencies": [
            "module.ad-es-216.libvirt_pool.general"
          ]
        }
      ]
    },
    {
      "module": "module.ad-es-217",
      "mode": "data",
      "type": "template_file",
      "name": "network_config",
      "provider": "provider[\"registry.terraform.io/hashicorp/template\"]",
      "instances": [
        {
          "schema_version": 0,
          "attributes": {
            "filename": null,
            "id": "aea7ebbbfe5a15b01daf8de55c4dfe9c6a7fe5dbde5854e8dbeedf32dab97d26",
            "rendered": "version: 2\nethernets:\n  eth0:\n    dhcp4: false\n    addresses: [ 172.16.0.217/23 ]\n    gateway4: 172.16.0.1\n    nameservers:\n      addresses: [ 219.141.140.10 ]\n",
            "template": "version: 2\nethernets:\n  eth0:\n    dhcp4: false\n    addresses: [ ${ipaddr} ]\n    gateway4: ${gateway}\n    nameservers:\n      addresses: [ ${dns} ]\n",
            "vars": {
              "dns": "219.141.140.10",
              "gateway": "172.16.0.1",
              "ipaddr": "172.16.0.217/23"
            }
          },
          "sensitive_attributes": []
        }
      ]
    },
    {
      "module": "module.ad-es-217",
      "mode": "data",
      "type": "template_file",
      "name": "user_data",
      "provider": "provider[\"registry.terraform.io/hashicorp/template\"]",
      "instances": [
        {
          "schema_version": 0,
          "attributes": {
            "filename": null,
            "id": "73cfabf49196afe042d0c78fb73463f73cf2e80aab878a4c6f66ac1702aadcee",
            "rendered": "#cloud-config\nhostname: ad-es-217\nusers:\n  - name: op\n    sudo: ALL=(ALL) NOPASSWD:ALL\n    groups: adm,sys\n    home: /home/op\n    shell: /bin/bash\n    lock_passwd: false\n    ssh_authorized_keys:\n      - ssh-rsa AAAAB3NzaC1yc2EAAAADAQABAAABgQDAC1wRW/BROyk4FXi1sO6U38+diLH1F/OBgC4Vr1Iz4KPH8ER95ITBy+eJu1eAfhS0PIdH3/sLFf13NurIbt/wrsUIsfKc4/cC2/cKI+bLfGUhVH99XNEHkcKgKJ1IeGvckiTZi4H37rYj4IRdAwOYAwYwkD+lV+UWCSVz3mGJh6CePysfQtTv0oc3AT2zXCnAi+dbBSNNZOnKWAC1pe9QXmMPcqkxFAs7xJZdl548dAdjFgw6AitjSKZjuSR0h6ABQ6Z0rdr05fo2kJcJiZSN8342TcYLBiv7Xrr6NdIbGvBClPxHcibVPU04tgOtMPea1e3/rA0XfClcjpgjhxZl2mw04UJdYVDjrfRw9gJvKufACMllr9MC6xxZbSBgfGlNxeYYFrGvSaYNPaUqRY5aVdpn5vaLU3ocDq+BuCLrYb4cqMXeQHIaSg/LTHMDUng7G3abcG0Kr0y2mbarYjc/BeyDPRPaniZUIWvjSwqL/Q+iFHJ7y9zkdW4kpH44XQM= op@bj-zhwsapp-01\nssh_pwauth: false\ndisable_root: false\nchpasswd:\n  list: |\n     op:Jieshi11gR2\n  expire: False\n\n# CentOS doesn't respect the hostname parameter above for some reason\nruncmd:\n  - [ \"/bin/bash\", \"-c\", \"sudo hostnamectl set-hostname ad-es-217\" ]\n",
            "template": "#cloud-config\nhostname: ${hostname}\nusers:\n  - name: op\n    sudo: ALL=(ALL) NOPASSWD:ALL\n    groups: adm,sys\n    home: /home/op\n    shell: /bin/bash\n    lock_passwd: false\n    ssh_authorized_keys:\n      - ssh-rsa AAAAB3NzaC1yc2EAAAADAQABAAABgQDAC1wRW/BROyk4FXi1sO6U38+diLH1F/OBgC4Vr1Iz4KPH8ER95ITBy+eJu1eAfhS0PIdH3/sLFf13NurIbt/wrsUIsfKc4/cC2/cKI+bLfGUhVH99XNEHkcKgKJ1IeGvckiTZi4H37rYj4IRdAwOYAwYwkD+lV+UWCSVz3mGJh6CePysfQtTv0oc3AT2zXCnAi+dbBSNNZOnKWAC1pe9QXmMPcqkxFAs7xJZdl548dAdjFgw6AitjSKZjuSR0h6ABQ6Z0rdr05fo2kJcJiZSN8342TcYLBiv7Xrr6NdIbGvBClPxHcibVPU04tgOtMPea1e3/rA0XfClcjpgjhxZl2mw04UJdYVDjrfRw9gJvKufACMllr9MC6xxZbSBgfGlNxeYYFrGvSaYNPaUqRY5aVdpn5vaLU3ocDq+BuCLrYb4cqMXeQHIaSg/LTHMDUng7G3abcG0Kr0y2mbarYjc/BeyDPRPaniZUIWvjSwqL/Q+iFHJ7y9zkdW4kpH44XQM= op@bj-zhwsapp-01\nssh_pwauth: false\ndisable_root: false\nchpasswd:\n  list: |\n     op:Jieshi11gR2\n  expire: False\n\n# CentOS doesn't respect the hostname parameter above for some reason\nruncmd:\n  - [ \"/bin/bash\", \"-c\", \"sudo hostnamectl set-hostname ${hostname}\" ]\n",
            "vars": {
              "hostname": "ad-es-217"
            }
          },
          "sensitive_attributes": []
        }
      ]
    },
    {
      "module": "module.ad-es-217",
      "mode": "managed",
      "type": "libvirt_cloudinit_disk",
      "name": "commoninit",
      "provider": "module.ad-es-217.provider[\"registry.terraform.io/dmacvicar/libvirt\"]",
      "instances": [
        {
          "schema_version": 0,
          "attributes": {
            "id": "/data/VMs/ad-es-217_pool/commoninit.iso;1d189dcf-5d57-438d-9eb8-06b4adbff447",
            "meta_data": "",
            "name": "commoninit.iso",
            "network_config": "version: 2\nethernets:\n  eth0:\n    dhcp4: false\n    addresses: [ 172.16.0.217/23 ]\n    gateway4: 172.16.0.1\n    nameservers:\n      addresses: [ 219.141.140.10 ]\n",
            "pool": "ad-es-217_pool",
            "user_data": "#cloud-config\nhostname: ad-es-217\nusers:\n  - name: op\n    sudo: ALL=(ALL) NOPASSWD:ALL\n    groups: adm,sys\n    home: /home/op\n    shell: /bin/bash\n    lock_passwd: false\n    ssh_authorized_keys:\n      - ssh-rsa AAAAB3NzaC1yc2EAAAADAQABAAABgQDAC1wRW/BROyk4FXi1sO6U38+diLH1F/OBgC4Vr1Iz4KPH8ER95ITBy+eJu1eAfhS0PIdH3/sLFf13NurIbt/wrsUIsfKc4/cC2/cKI+bLfGUhVH99XNEHkcKgKJ1IeGvckiTZi4H37rYj4IRdAwOYAwYwkD+lV+UWCSVz3mGJh6CePysfQtTv0oc3AT2zXCnAi+dbBSNNZOnKWAC1pe9QXmMPcqkxFAs7xJZdl548dAdjFgw6AitjSKZjuSR0h6ABQ6Z0rdr05fo2kJcJiZSN8342TcYLBiv7Xrr6NdIbGvBClPxHcibVPU04tgOtMPea1e3/rA0XfClcjpgjhxZl2mw04UJdYVDjrfRw9gJvKufACMllr9MC6xxZbSBgfGlNxeYYFrGvSaYNPaUqRY5aVdpn5vaLU3ocDq+BuCLrYb4cqMXeQHIaSg/LTHMDUng7G3abcG0Kr0y2mbarYjc/BeyDPRPaniZUIWvjSwqL/Q+iFHJ7y9zkdW4kpH44XQM= op@bj-zhwsapp-01\nssh_pwauth: false\ndisable_root: false\nchpasswd:\n  list: |\n     op:Jieshi11gR2\n  expire: False\n\n# CentOS doesn't respect the hostname parameter above for some reason\nruncmd:\n  - [ \"/bin/bash\", \"-c\", \"sudo hostnamectl set-hostname ad-es-217\" ]\n"
          },
          "sensitive_attributes": [],
          "private": "bnVsbA==",
          "dependencies": [
            "module.ad-es-217.data.template_file.network_config",
            "module.ad-es-217.data.template_file.user_data",
            "module.ad-es-217.libvirt_pool.general"
          ]
        }
      ]
    },
    {
      "module": "module.ad-es-217",
      "mode": "managed",
      "type": "libvirt_domain",
      "name": "general-domain",
      "provider": "module.ad-es-217.provider[\"registry.terraform.io/dmacvicar/libvirt\"]",
      "instances": [
        {
          "schema_version": 0,
          "attributes": {
            "arch": "x86_64",
            "autostart": null,
            "boot_device": [],
            "cloudinit": "/data/VMs/ad-es-217_pool/commoninit.iso;1d189dcf-5d57-438d-9eb8-06b4adbff447",
            "cmdline": null,
            "console": [
              {
                "source_host": "127.0.0.1",
                "source_path": "",
                "source_service": "0",
                "target_port": "0",
                "target_type": "serial",
                "type": "pty"
              }
            ],
            "coreos_ignition": null,
            "cpu": [],
            "description": "",
            "disk": [
              {
                "block_device": "",
                "file": "",
                "scsi": false,
                "url": "",
                "volume_id": "/data/VMs/ad-es-217_pool/ad-es-217_image.qcow2",
                "wwn": ""
              },
              {
                "block_device": "",
                "file": "",
                "scsi": false,
                "url": "",
                "volume_id": "/data/VMs/ad-es-217_pool/ad-es-217-disk-data1",
                "wwn": ""
              },
              {
                "block_device": "",
                "file": "",
                "scsi": false,
                "url": "",
                "volume_id": "/data/VMs/ad-es-217_pool/ad-es-217-disk-data2",
                "wwn": ""
              }
            ],
            "emulator": "/usr/libexec/qemu-kvm",
            "filesystem": [],
            "firmware": "",
            "fw_cfg_name": "opt/com.coreos/config",
            "graphics": [
              {
                "autoport": true,
                "listen_address": "127.0.0.1",
                "listen_type": "address",
                "type": "vnc",
                "websocket": 0
              }
            ],
            "id": "71d478e1-da9e-4bbf-9307-5e3a88397a17",
            "initrd": "",
            "kernel": "",
            "machine": "pc",
            "memory": 4096,
            "metadata": null,
            "name": "ad-es-217",
            "network_interface": [
              {
                "addresses": [],
                "bridge": "br0",
                "hostname": "",
                "mac": "52:54:00:FA:1C:FE",
                "macvtap": "",
                "network_id": "",
                "network_name": "",
                "passthrough": "",
                "vepa": "",
                "wait_for_lease": false
              }
            ],
            "nvram": [],
            "qemu_agent": false,
            "running": true,
            "timeouts": null,
            "tpm": [],
            "vcpu": 4,
            "video": [],
            "xml": []
          },
          "sensitive_attributes": [],
          "private": "eyJlMmJmYjczMC1lY2FhLTExZTYtOGY4OC0zNDM2M2JjN2M0YzAiOnsiY3JlYXRlIjozMDAwMDAwMDAwMDB9fQ==",
          "dependencies": [
            "module.ad-es-217.data.template_file.network_config",
            "module.ad-es-217.data.template_file.user_data",
            "module.ad-es-217.libvirt_cloudinit_disk.commoninit",
            "module.ad-es-217.libvirt_pool.general",
            "module.ad-es-217.libvirt_volume.disk_data1",
            "module.ad-es-217.libvirt_volume.disk_data2",
            "module.ad-es-217.libvirt_volume.image-qcow2"
          ]
        }
      ]
    },
    {
      "module": "module.ad-es-217",
      "mode": "managed",
      "type": "libvirt_pool",
      "name": "general",
      "provider": "module.ad-es-217.provider[\"registry.terraform.io/dmacvicar/libvirt\"]",
      "instances": [
        {
          "schema_version": 0,
          "attributes": {
            "allocation": 916841619456,
            "available": null,
            "capacity": 3836748500992,
            "id": "6d2bf09d-381c-496d-9141-dd4f96b895fa",
            "name": "ad-es-217_pool",
            "path": "/data/VMs/ad-es-217_pool",
            "type": "dir",
            "xml": []
          },
          "sensitive_attributes": [],
          "private": "bnVsbA=="
        }
      ]
    },
    {
      "module": "module.ad-es-217",
      "mode": "managed",
      "type": "libvirt_volume",
      "name": "disk_data1",
      "provider": "module.ad-es-217.provider[\"registry.terraform.io/dmacvicar/libvirt\"]",
      "instances": [
        {
          "schema_version": 0,
          "attributes": {
            "base_volume_id": null,
            "base_volume_name": null,
            "base_volume_pool": null,
            "format": "qcow2",
            "id": "/data/VMs/ad-es-217_pool/ad-es-217-disk-data1",
            "name": "ad-es-217-disk-data1",
            "pool": "ad-es-217_pool",
            "size": 107374182400,
            "source": null,
            "xml": []
          },
          "sensitive_attributes": [],
          "private": "bnVsbA==",
          "dependencies": [
            "module.ad-es-217.libvirt_pool.general"
          ]
        }
      ]
    },
    {
      "module": "module.ad-es-217",
      "mode": "managed",
      "type": "libvirt_volume",
      "name": "disk_data2",
      "provider": "module.ad-es-217.provider[\"registry.terraform.io/dmacvicar/libvirt\"]",
      "instances": [
        {
          "schema_version": 0,
          "attributes": {
            "base_volume_id": null,
            "base_volume_name": null,
            "base_volume_pool": null,
            "format": "qcow2",
            "id": "/data/VMs/ad-es-217_pool/ad-es-217-disk-data2",
            "name": "ad-es-217-disk-data2",
            "pool": "ad-es-217_pool",
            "size": 107374182400,
            "source": null,
            "xml": []
          },
          "sensitive_attributes": [],
          "private": "bnVsbA==",
          "dependencies": [
            "module.ad-es-217.libvirt_pool.general"
          ]
        }
      ]
    },
    {
      "module": "module.ad-es-217",
      "mode": "managed",
      "type": "libvirt_volume",
      "name": "image-qcow2",
      "provider": "module.ad-es-217.provider[\"registry.terraform.io/dmacvicar/libvirt\"]",
      "instances": [
        {
          "schema_version": 0,
          "attributes": {
            "base_volume_id": null,
            "base_volume_name": null,
            "base_volume_pool": null,
            "format": "qcow2",
            "id": "/data/VMs/ad-es-217_pool/ad-es-217_image.qcow2",
            "name": "ad-es-217_image.qcow2",
            "pool": "ad-es-217_pool",
            "size": 42949672960,
            "source": "http://172.16.0.1/dl/Template-GenericCloud-OL8U6.qcow2",
            "xml": []
          },
          "sensitive_attributes": [],
          "private": "bnVsbA==",
          "dependencies": [
            "module.ad-es-217.libvirt_pool.general"
          ]
        }
      ]
    },
    {
      "module": "module.ad-es-218",
      "mode": "data",
      "type": "template_file",
      "name": "network_config",
      "provider": "provider[\"registry.terraform.io/hashicorp/template\"]",
      "instances": [
        {
          "schema_version": 0,
          "attributes": {
            "filename": null,
            "id": "b5d141905fbd370d7caf6be15b44d3ad7ccd8f31af5f7a6bfe3916220fdebb25",
            "rendered": "version: 2\nethernets:\n  eth0:\n    dhcp4: false\n    addresses: [ 172.16.0.218/23 ]\n    gateway4: 172.16.0.1\n    nameservers:\n      addresses: [ 219.141.140.10 ]\n",
            "template": "version: 2\nethernets:\n  eth0:\n    dhcp4: false\n    addresses: [ ${ipaddr} ]\n    gateway4: ${gateway}\n    nameservers:\n      addresses: [ ${dns} ]\n",
            "vars": {
              "dns": "219.141.140.10",
              "gateway": "172.16.0.1",
              "ipaddr": "172.16.0.218/23"
            }
          },
          "sensitive_attributes": []
        }
      ]
    },
    {
      "module": "module.ad-es-218",
      "mode": "data",
      "type": "template_file",
      "name": "user_data",
      "provider": "provider[\"registry.terraform.io/hashicorp/template\"]",
      "instances": [
        {
          "schema_version": 0,
          "attributes": {
            "filename": null,
            "id": "4ba98c0b1d6e2e7fb4902979402147788d6415c4fff15e1d0f345eacf1d81547",
            "rendered": "#cloud-config\nhostname: ad-es-218\nusers:\n  - name: op\n    sudo: ALL=(ALL) NOPASSWD:ALL\n    groups: adm,sys\n    home: /home/op\n    shell: /bin/bash\n    lock_passwd: false\n    ssh_authorized_keys:\n      - ssh-rsa AAAAB3NzaC1yc2EAAAADAQABAAABgQDAC1wRW/BROyk4FXi1sO6U38+diLH1F/OBgC4Vr1Iz4KPH8ER95ITBy+eJu1eAfhS0PIdH3/sLFf13NurIbt/wrsUIsfKc4/cC2/cKI+bLfGUhVH99XNEHkcKgKJ1IeGvckiTZi4H37rYj4IRdAwOYAwYwkD+lV+UWCSVz3mGJh6CePysfQtTv0oc3AT2zXCnAi+dbBSNNZOnKWAC1pe9QXmMPcqkxFAs7xJZdl548dAdjFgw6AitjSKZjuSR0h6ABQ6Z0rdr05fo2kJcJiZSN8342TcYLBiv7Xrr6NdIbGvBClPxHcibVPU04tgOtMPea1e3/rA0XfClcjpgjhxZl2mw04UJdYVDjrfRw9gJvKufACMllr9MC6xxZbSBgfGlNxeYYFrGvSaYNPaUqRY5aVdpn5vaLU3ocDq+BuCLrYb4cqMXeQHIaSg/LTHMDUng7G3abcG0Kr0y2mbarYjc/BeyDPRPaniZUIWvjSwqL/Q+iFHJ7y9zkdW4kpH44XQM= op@bj-zhwsapp-01\nssh_pwauth: false\ndisable_root: false\nchpasswd:\n  list: |\n     op:Jieshi11gR2\n  expire: False\n\n# CentOS doesn't respect the hostname parameter above for some reason\nruncmd:\n  - [ \"/bin/bash\", \"-c\", \"sudo hostnamectl set-hostname ad-es-218\" ]\n",
            "template": "#cloud-config\nhostname: ${hostname}\nusers:\n  - name: op\n    sudo: ALL=(ALL) NOPASSWD:ALL\n    groups: adm,sys\n    home: /home/op\n    shell: /bin/bash\n    lock_passwd: false\n    ssh_authorized_keys:\n      - ssh-rsa AAAAB3NzaC1yc2EAAAADAQABAAABgQDAC1wRW/BROyk4FXi1sO6U38+diLH1F/OBgC4Vr1Iz4KPH8ER95ITBy+eJu1eAfhS0PIdH3/sLFf13NurIbt/wrsUIsfKc4/cC2/cKI+bLfGUhVH99XNEHkcKgKJ1IeGvckiTZi4H37rYj4IRdAwOYAwYwkD+lV+UWCSVz3mGJh6CePysfQtTv0oc3AT2zXCnAi+dbBSNNZOnKWAC1pe9QXmMPcqkxFAs7xJZdl548dAdjFgw6AitjSKZjuSR0h6ABQ6Z0rdr05fo2kJcJiZSN8342TcYLBiv7Xrr6NdIbGvBClPxHcibVPU04tgOtMPea1e3/rA0XfClcjpgjhxZl2mw04UJdYVDjrfRw9gJvKufACMllr9MC6xxZbSBgfGlNxeYYFrGvSaYNPaUqRY5aVdpn5vaLU3ocDq+BuCLrYb4cqMXeQHIaSg/LTHMDUng7G3abcG0Kr0y2mbarYjc/BeyDPRPaniZUIWvjSwqL/Q+iFHJ7y9zkdW4kpH44XQM= op@bj-zhwsapp-01\nssh_pwauth: false\ndisable_root: false\nchpasswd:\n  list: |\n     op:Jieshi11gR2\n  expire: False\n\n# CentOS doesn't respect the hostname parameter above for some reason\nruncmd:\n  - [ \"/bin/bash\", \"-c\", \"sudo hostnamectl set-hostname ${hostname}\" ]\n",
            "vars": {
              "hostname": "ad-es-218"
            }
          },
          "sensitive_attributes": []
        }
      ]
    },
    {
      "module": "module.ad-es-218",
      "mode": "managed",
      "type": "libvirt_cloudinit_disk",
      "name": "commoninit",
      "provider": "module.ad-es-218.provider[\"registry.terraform.io/dmacvicar/libvirt\"]",
      "instances": [
        {
          "schema_version": 0,
          "attributes": {
            "id": "/data/VMs/ad-es-218_pool/commoninit.iso;edac21e5-2411-4bc1-ab47-ecd72886e628",
            "meta_data": "",
            "name": "commoninit.iso",
            "network_config": "version: 2\nethernets:\n  eth0:\n    dhcp4: false\n    addresses: [ 172.16.0.218/23 ]\n    gateway4: 172.16.0.1\n    nameservers:\n      addresses: [ 219.141.140.10 ]\n",
            "pool": "ad-es-218_pool",
            "user_data": "#cloud-config\nhostname: ad-es-218\nusers:\n  - name: op\n    sudo: ALL=(ALL) NOPASSWD:ALL\n    groups: adm,sys\n    home: /home/op\n    shell: /bin/bash\n    lock_passwd: false\n    ssh_authorized_keys:\n      - ssh-rsa AAAAB3NzaC1yc2EAAAADAQABAAABgQDAC1wRW/BROyk4FXi1sO6U38+diLH1F/OBgC4Vr1Iz4KPH8ER95ITBy+eJu1eAfhS0PIdH3/sLFf13NurIbt/wrsUIsfKc4/cC2/cKI+bLfGUhVH99XNEHkcKgKJ1IeGvckiTZi4H37rYj4IRdAwOYAwYwkD+lV+UWCSVz3mGJh6CePysfQtTv0oc3AT2zXCnAi+dbBSNNZOnKWAC1pe9QXmMPcqkxFAs7xJZdl548dAdjFgw6AitjSKZjuSR0h6ABQ6Z0rdr05fo2kJcJiZSN8342TcYLBiv7Xrr6NdIbGvBClPxHcibVPU04tgOtMPea1e3/rA0XfClcjpgjhxZl2mw04UJdYVDjrfRw9gJvKufACMllr9MC6xxZbSBgfGlNxeYYFrGvSaYNPaUqRY5aVdpn5vaLU3ocDq+BuCLrYb4cqMXeQHIaSg/LTHMDUng7G3abcG0Kr0y2mbarYjc/BeyDPRPaniZUIWvjSwqL/Q+iFHJ7y9zkdW4kpH44XQM= op@bj-zhwsapp-01\nssh_pwauth: false\ndisable_root: false\nchpasswd:\n  list: |\n     op:Jieshi11gR2\n  expire: False\n\n# CentOS doesn't respect the hostname parameter above for some reason\nruncmd:\n  - [ \"/bin/bash\", \"-c\", \"sudo hostnamectl set-hostname ad-es-218\" ]\n"
          },
          "sensitive_attributes": [],
          "private": "bnVsbA==",
          "dependencies": [
            "module.ad-es-218.data.template_file.network_config",
            "module.ad-es-218.data.template_file.user_data",
            "module.ad-es-218.libvirt_pool.general"
          ]
        }
      ]
    },
    {
      "module": "module.ad-es-218",
      "mode": "managed",
      "type": "libvirt_domain",
      "name": "general-domain",
      "provider": "module.ad-es-218.provider[\"registry.terraform.io/dmacvicar/libvirt\"]",
      "instances": [
        {
          "schema_version": 0,
          "attributes": {
            "arch": "x86_64",
            "autostart": null,
            "boot_device": [],
            "cloudinit": "/data/VMs/ad-es-218_pool/commoninit.iso;edac21e5-2411-4bc1-ab47-ecd72886e628",
            "cmdline": null,
            "console": [
              {
                "source_host": "127.0.0.1",
                "source_path": "",
                "source_service": "0",
                "target_port": "0",
                "target_type": "serial",
                "type": "pty"
              }
            ],
            "coreos_ignition": null,
            "cpu": [],
            "description": "",
            "disk": [
              {
                "block_device": "",
                "file": "",
                "scsi": false,
                "url": "",
                "volume_id": "/data/VMs/ad-es-218_pool/ad-es-218_image.qcow2",
                "wwn": ""
              },
              {
                "block_device": "",
                "file": "",
                "scsi": false,
                "url": "",
                "volume_id": "/data/VMs/ad-es-218_pool/ad-es-218-disk-data1",
                "wwn": ""
              },
              {
                "block_device": "",
                "file": "",
                "scsi": false,
                "url": "",
                "volume_id": "/data/VMs/ad-es-218_pool/ad-es-218-disk-data2",
                "wwn": ""
              }
            ],
            "emulator": "/usr/libexec/qemu-kvm",
            "filesystem": [],
            "firmware": "",
            "fw_cfg_name": "opt/com.coreos/config",
            "graphics": [
              {
                "autoport": true,
                "listen_address": "127.0.0.1",
                "listen_type": "address",
                "type": "vnc",
                "websocket": 0
              }
            ],
            "id": "568be71a-a04d-4181-984b-632e5e23062f",
            "initrd": "",
            "kernel": "",
            "machine": "pc",
            "memory": 4096,
            "metadata": null,
            "name": "ad-es-218",
            "network_interface": [
              {
                "addresses": [],
                "bridge": "br0",
                "hostname": "",
                "mac": "52:54:00:8E:9F:53",
                "macvtap": "",
                "network_id": "",
                "network_name": "",
                "passthrough": "",
                "vepa": "",
                "wait_for_lease": false
              }
            ],
            "nvram": [],
            "qemu_agent": false,
            "running": true,
            "timeouts": null,
            "tpm": [],
            "vcpu": 4,
            "video": [],
            "xml": []
          },
          "sensitive_attributes": [],
          "private": "eyJlMmJmYjczMC1lY2FhLTExZTYtOGY4OC0zNDM2M2JjN2M0YzAiOnsiY3JlYXRlIjozMDAwMDAwMDAwMDB9fQ==",
          "dependencies": [
            "module.ad-es-218.data.template_file.network_config",
            "module.ad-es-218.data.template_file.user_data",
            "module.ad-es-218.libvirt_cloudinit_disk.commoninit",
            "module.ad-es-218.libvirt_pool.general",
            "module.ad-es-218.libvirt_volume.disk_data1",
            "module.ad-es-218.libvirt_volume.disk_data2",
            "module.ad-es-218.libvirt_volume.image-qcow2"
          ]
        }
      ]
    },
    {
      "module": "module.ad-es-218",
      "mode": "managed",
      "type": "libvirt_pool",
      "name": "general",
      "provider": "module.ad-es-218.provider[\"registry.terraform.io/dmacvicar/libvirt\"]",
      "instances": [
        {
          "schema_version": 0,
          "attributes": {
            "allocation": 916841619456,
            "available": null,
            "capacity": 3836748500992,
            "id": "68aa59c7-4942-43b6-a326-7fd4f282b8c2",
            "name": "ad-es-218_pool",
            "path": "/data/VMs/ad-es-218_pool",
            "type": "dir",
            "xml": []
          },
          "sensitive_attributes": [],
          "private": "bnVsbA=="
        }
      ]
    },
    {
      "module": "module.ad-es-218",
      "mode": "managed",
      "type": "libvirt_volume",
      "name": "disk_data1",
      "provider": "module.ad-es-218.provider[\"registry.terraform.io/dmacvicar/libvirt\"]",
      "instances": [
        {
          "schema_version": 0,
          "attributes": {
            "base_volume_id": null,
            "base_volume_name": null,
            "base_volume_pool": null,
            "format": "qcow2",
            "id": "/data/VMs/ad-es-218_pool/ad-es-218-disk-data1",
            "name": "ad-es-218-disk-data1",
            "pool": "ad-es-218_pool",
            "size": 107374182400,
            "source": null,
            "xml": []
          },
          "sensitive_attributes": [],
          "private": "bnVsbA==",
          "dependencies": [
            "module.ad-es-218.libvirt_pool.general"
          ]
        }
      ]
    },
    {
      "module": "module.ad-es-218",
      "mode": "managed",
      "type": "libvirt_volume",
      "name": "disk_data2",
      "provider": "module.ad-es-218.provider[\"registry.terraform.io/dmacvicar/libvirt\"]",
      "instances": [
        {
          "schema_version": 0,
          "attributes": {
            "base_volume_id": null,
            "base_volume_name": null,
            "base_volume_pool": null,
            "format": "qcow2",
            "id": "/data/VMs/ad-es-218_pool/ad-es-218-disk-data2",
            "name": "ad-es-218-disk-data2",
            "pool": "ad-es-218_pool",
            "size": 107374182400,
            "source": null,
            "xml": []
          },
          "sensitive_attributes": [],
          "private": "bnVsbA==",
          "dependencies": [
            "module.ad-es-218.libvirt_pool.general"
          ]
        }
      ]
    },
    {
      "module": "module.ad-es-218",
      "mode": "managed",
      "type": "libvirt_volume",
      "name": "image-qcow2",
      "provider": "module.ad-es-218.provider[\"registry.terraform.io/dmacvicar/libvirt\"]",
      "instances": [
        {
          "schema_version": 0,
          "attributes": {
            "base_volume_id": null,
            "base_volume_name": null,
            "base_volume_pool": null,
            "format": "qcow2",
            "id": "/data/VMs/ad-es-218_pool/ad-es-218_image.qcow2",
            "name": "ad-es-218_image.qcow2",
            "pool": "ad-es-218_pool",
            "size": 42949672960,
            "source": "http://172.16.0.1/dl/Template-GenericCloud-OL8U6.qcow2",
            "xml": []
          },
          "sensitive_attributes": [],
          "private": "bnVsbA==",
          "dependencies": [
            "module.ad-es-218.libvirt_pool.general"
          ]
        }
      ]
    }
  ]
}
