{
  "version": 4,
  "terraform_version": "1.2.8",
  "serial": 90,
  "lineage": "61f31102-1209-4028-eb5f-c5d0c4a09a05",
  "outputs": {},
  "resources": [
    {
      "module": "module.cn-es-01-61",
      "mode": "data",
      "type": "template_file",
      "name": "network_config",
      "provider": "provider[\"registry.terraform.io/hashicorp/template\"]",
      "instances": [
        {
          "schema_version": 0,
          "attributes": {
            "filename": null,
            "id": "1a86d1a8d90b523880b64184b58712357f5cbbc7064e79570e460b0040561005",
            "rendered": "version: 2\nethernets:\n  eth0:\n    dhcp4: false\n    addresses: [ 172.16.0.61/23 ]\n    gateway4: 172.16.0.1\n    nameservers:\n      addresses: [ 223.5.5.5 ]\n",
            "template": "version: 2\nethernets:\n  eth0:\n    dhcp4: false\n    addresses: [ ${ipaddr} ]\n    gateway4: ${gateway}\n    nameservers:\n      addresses: [ ${dns} ]\n",
            "vars": {
              "dns": "223.5.5.5",
              "gateway": "172.16.0.1",
              "ipaddr": "172.16.0.61/23"
            }
          },
          "sensitive_attributes": []
        }
      ]
    },
    {
      "module": "module.cn-es-01-61",
      "mode": "data",
      "type": "template_file",
      "name": "user_data",
      "provider": "provider[\"registry.terraform.io/hashicorp/template\"]",
      "instances": [
        {
          "schema_version": 0,
          "attributes": {
            "filename": null,
            "id": "f876f2986e559c1d8805c161e867237f8f0430365a75b640a0807e05b89c186b",
            "rendered": "#cloud-config\nhostname: cn-es-01-61\nusers:\n  - name: op\n    sudo: ALL=(ALL) NOPASSWD:ALL\n    groups: adm,sys\n    home: /home/op\n    shell: /bin/bash\n    lock_passwd: false\n    ssh_authorized_keys:\n      - ssh-rsa AAAAB3NzaC1yc2EAAAADAQABAAABgQDAC1wRW/BROyk4FXi1sO6U38+diLH1F/OBgC4Vr1Iz4KPH8ER95ITBy+eJu1eAfhS0PIdH3/sLFf13NurIbt/wrsUIsfKc4/cC2/cKI+bLfGUhVH99XNEHkcKgKJ1IeGvckiTZi4H37rYj4IRdAwOYAwYwkD+lV+UWCSVz3mGJh6CePysfQtTv0oc3AT2zXCnAi+dbBSNNZOnKWAC1pe9QXmMPcqkxFAs7xJZdl548dAdjFgw6AitjSKZjuSR0h6ABQ6Z0rdr05fo2kJcJiZSN8342TcYLBiv7Xrr6NdIbGvBClPxHcibVPU04tgOtMPea1e3/rA0XfClcjpgjhxZl2mw04UJdYVDjrfRw9gJvKufACMllr9MC6xxZbSBgfGlNxeYYFrGvSaYNPaUqRY5aVdpn5vaLU3ocDq+BuCLrYb4cqMXeQHIaSg/LTHMDUng7G3abcG0Kr0y2mbarYjc/BeyDPRPaniZUIWvjSwqL/Q+iFHJ7y9zkdW4kpH44XQM= op@bj-zhwsapp-01\nssh_pwauth: false\ndisable_root: false\nchpasswd:\n  list: |\n     op:Jieshi11gR2\n  expire: False\n\n# CentOS doesn't respect the hostname parameter above for some reason\nruncmd:\n  - [ \"/bin/bash\", \"-c\", \"sudo hostnamectl set-hostname cn-es-01-61\" ]\n",
            "template": "#cloud-config\nhostname: ${hostname}\nusers:\n  - name: op\n    sudo: ALL=(ALL) NOPASSWD:ALL\n    groups: adm,sys\n    home: /home/op\n    shell: /bin/bash\n    lock_passwd: false\n    ssh_authorized_keys:\n      - ssh-rsa AAAAB3NzaC1yc2EAAAADAQABAAABgQDAC1wRW/BROyk4FXi1sO6U38+diLH1F/OBgC4Vr1Iz4KPH8ER95ITBy+eJu1eAfhS0PIdH3/sLFf13NurIbt/wrsUIsfKc4/cC2/cKI+bLfGUhVH99XNEHkcKgKJ1IeGvckiTZi4H37rYj4IRdAwOYAwYwkD+lV+UWCSVz3mGJh6CePysfQtTv0oc3AT2zXCnAi+dbBSNNZOnKWAC1pe9QXmMPcqkxFAs7xJZdl548dAdjFgw6AitjSKZjuSR0h6ABQ6Z0rdr05fo2kJcJiZSN8342TcYLBiv7Xrr6NdIbGvBClPxHcibVPU04tgOtMPea1e3/rA0XfClcjpgjhxZl2mw04UJdYVDjrfRw9gJvKufACMllr9MC6xxZbSBgfGlNxeYYFrGvSaYNPaUqRY5aVdpn5vaLU3ocDq+BuCLrYb4cqMXeQHIaSg/LTHMDUng7G3abcG0Kr0y2mbarYjc/BeyDPRPaniZUIWvjSwqL/Q+iFHJ7y9zkdW4kpH44XQM= op@bj-zhwsapp-01\nssh_pwauth: false\ndisable_root: false\nchpasswd:\n  list: |\n     op:Jieshi11gR2\n  expire: False\n\n# CentOS doesn't respect the hostname parameter above for some reason\nruncmd:\n  - [ \"/bin/bash\", \"-c\", \"sudo hostnamectl set-hostname ${hostname}\" ]\n",
            "vars": {
              "hostname": "cn-es-01-61"
            }
          },
          "sensitive_attributes": []
        }
      ]
    },
    {
      "module": "module.cn-es-01-61",
      "mode": "managed",
      "type": "libvirt_cloudinit_disk",
      "name": "commoninit",
      "provider": "module.cn-es-01-61.provider[\"registry.terraform.io/dmacvicar/libvirt\"]",
      "instances": [
        {
          "schema_version": 0,
          "attributes": {
            "id": "/data/VMs/cn-es-01-61_pool/commoninit.iso;f2eb1220-1c82-4878-8296-537ac10ef666",
            "meta_data": "",
            "name": "commoninit.iso",
            "network_config": "version: 2\nethernets:\n  eth0:\n    dhcp4: false\n    addresses: [ 172.16.0.61/23 ]\n    gateway4: 172.16.0.1\n    nameservers:\n      addresses: [ 223.5.5.5 ]\n",
            "pool": "cn-es-01-61_pool",
            "user_data": "#cloud-config\nhostname: cn-es-01-61\nusers:\n  - name: op\n    sudo: ALL=(ALL) NOPASSWD:ALL\n    groups: adm,sys\n    home: /home/op\n    shell: /bin/bash\n    lock_passwd: false\n    ssh_authorized_keys:\n      - ssh-rsa AAAAB3NzaC1yc2EAAAADAQABAAABgQDAC1wRW/BROyk4FXi1sO6U38+diLH1F/OBgC4Vr1Iz4KPH8ER95ITBy+eJu1eAfhS0PIdH3/sLFf13NurIbt/wrsUIsfKc4/cC2/cKI+bLfGUhVH99XNEHkcKgKJ1IeGvckiTZi4H37rYj4IRdAwOYAwYwkD+lV+UWCSVz3mGJh6CePysfQtTv0oc3AT2zXCnAi+dbBSNNZOnKWAC1pe9QXmMPcqkxFAs7xJZdl548dAdjFgw6AitjSKZjuSR0h6ABQ6Z0rdr05fo2kJcJiZSN8342TcYLBiv7Xrr6NdIbGvBClPxHcibVPU04tgOtMPea1e3/rA0XfClcjpgjhxZl2mw04UJdYVDjrfRw9gJvKufACMllr9MC6xxZbSBgfGlNxeYYFrGvSaYNPaUqRY5aVdpn5vaLU3ocDq+BuCLrYb4cqMXeQHIaSg/LTHMDUng7G3abcG0Kr0y2mbarYjc/BeyDPRPaniZUIWvjSwqL/Q+iFHJ7y9zkdW4kpH44XQM= op@bj-zhwsapp-01\nssh_pwauth: false\ndisable_root: false\nchpasswd:\n  list: |\n     op:Jieshi11gR2\n  expire: False\n\n# CentOS doesn't respect the hostname parameter above for some reason\nruncmd:\n  - [ \"/bin/bash\", \"-c\", \"sudo hostnamectl set-hostname cn-es-01-61\" ]\n"
          },
          "sensitive_attributes": [],
          "private": "bnVsbA==",
          "dependencies": [
            "module.cn-es-01-61.data.template_file.network_config",
            "module.cn-es-01-61.data.template_file.user_data",
            "module.cn-es-01-61.libvirt_pool.general"
          ]
        }
      ]
    },
    {
      "module": "module.cn-es-01-61",
      "mode": "managed",
      "type": "libvirt_domain",
      "name": "general-domain",
      "provider": "module.cn-es-01-61.provider[\"registry.terraform.io/dmacvicar/libvirt\"]",
      "instances": [
        {
          "schema_version": 0,
          "attributes": {
            "arch": "x86_64",
            "autostart": null,
            "boot_device": [],
            "cloudinit": "/data/VMs/cn-es-01-61_pool/commoninit.iso;f2eb1220-1c82-4878-8296-537ac10ef666",
            "cmdline": null,
            "console": [
              {
                "source_host": "127.0.0.1",
                "source_path": "",
                "source_service": "0",
                "target_port": "0",
                "target_type": "serial",
                "type": "pty"
              }
            ],
            "coreos_ignition": null,
            "cpu": [],
            "description": "",
            "disk": [
              {
                "block_device": "",
                "file": "",
                "scsi": false,
                "url": "",
                "volume_id": "/data/VMs/cn-es-01-61_pool/cn-es-01-61_image.qcow2",
                "wwn": ""
              },
              {
                "block_device": "",
                "file": "",
                "scsi": false,
                "url": "",
                "volume_id": "/data/VMs/cn-es-01-61_pool/cn-es-01-61-disk-data1",
                "wwn": ""
              },
              {
                "block_device": "",
                "file": "",
                "scsi": false,
                "url": "",
                "volume_id": "/data/VMs/cn-es-01-61_pool/cn-es-01-61-disk-data2",
                "wwn": ""
              },
              {
                "block_device": "",
                "file": "",
                "scsi": false,
                "url": "",
                "volume_id": "/data/VMs/cn-es-01-61_pool/cn-es-01-61-disk-data3",
                "wwn": ""
              },
              {
                "block_device": "",
                "file": "",
                "scsi": false,
                "url": "",
                "volume_id": "/data/VMs/cn-es-01-61_pool/cn-es-01-61-disk-data4",
                "wwn": ""
              },
              {
                "block_device": "",
                "file": "",
                "scsi": false,
                "url": "",
                "volume_id": "/data/VMs/cn-es-01-61_pool/cn-es-01-61-disk-data5",
                "wwn": ""
              }
            ],
            "emulator": "/usr/libexec/qemu-kvm",
            "filesystem": [],
            "firmware": "",
            "fw_cfg_name": "opt/com.coreos/config",
            "graphics": [
              {
                "autoport": true,
                "listen_address": "127.0.0.1",
                "listen_type": "address",
                "type": "vnc",
                "websocket": 0
              }
            ],
            "id": "a8055b92-eabc-4dfb-a5d4-0983f006e9d0",
            "initrd": "",
            "kernel": "",
            "machine": "pc",
            "memory": 8192,
            "metadata": null,
            "name": "cn-es-01-61",
            "network_interface": [
              {
                "addresses": [],
                "bridge": "br0",
                "hostname": "",
                "mac": "52:54:00:82:F9:0C",
                "macvtap": "",
                "network_id": "",
                "network_name": "",
                "passthrough": "",
                "vepa": "",
                "wait_for_lease": false
              }
            ],
            "nvram": [],
            "qemu_agent": false,
            "running": true,
            "timeouts": null,
            "tpm": [],
            "vcpu": 8,
            "video": [],
            "xml": []
          },
          "sensitive_attributes": [],
          "private": "eyJlMmJmYjczMC1lY2FhLTExZTYtOGY4OC0zNDM2M2JjN2M0YzAiOnsiY3JlYXRlIjozMDAwMDAwMDAwMDB9fQ==",
          "dependencies": [
            "module.cn-es-01-61.data.template_file.network_config",
            "module.cn-es-01-61.data.template_file.user_data",
            "module.cn-es-01-61.libvirt_cloudinit_disk.commoninit",
            "module.cn-es-01-61.libvirt_pool.general",
            "module.cn-es-01-61.libvirt_volume.disk_data1",
            "module.cn-es-01-61.libvirt_volume.disk_data2",
            "module.cn-es-01-61.libvirt_volume.disk_data3",
            "module.cn-es-01-61.libvirt_volume.disk_data4",
            "module.cn-es-01-61.libvirt_volume.disk_data5",
            "module.cn-es-01-61.libvirt_volume.image-qcow2"
          ]
        }
      ]
    },
    {
      "module": "module.cn-es-01-61",
      "mode": "managed",
      "type": "libvirt_pool",
      "name": "general",
      "provider": "module.cn-es-01-61.provider[\"registry.terraform.io/dmacvicar/libvirt\"]",
      "instances": [
        {
          "schema_version": 0,
          "attributes": {
            "allocation": 113553088512,
            "available": null,
            "capacity": 3836748500992,
            "id": "54f50e07-53af-40dd-95d1-fc43045c18cb",
            "name": "cn-es-01-61_pool",
            "path": "/data/VMs/cn-es-01-61_pool",
            "type": "dir",
            "xml": []
          },
          "sensitive_attributes": [],
          "private": "bnVsbA=="
        }
      ]
    },
    {
      "module": "module.cn-es-01-61",
      "mode": "managed",
      "type": "libvirt_volume",
      "name": "disk_data1",
      "provider": "module.cn-es-01-61.provider[\"registry.terraform.io/dmacvicar/libvirt\"]",
      "instances": [
        {
          "schema_version": 0,
          "attributes": {
            "base_volume_id": null,
            "base_volume_name": null,
            "base_volume_pool": null,
            "format": "qcow2",
            "id": "/data/VMs/cn-es-01-61_pool/cn-es-01-61-disk-data1",
            "name": "cn-es-01-61-disk-data1",
            "pool": "cn-es-01-61_pool",
            "size": 53687091200,
            "source": null,
            "xml": []
          },
          "sensitive_attributes": [],
          "private": "bnVsbA==",
          "dependencies": [
            "module.cn-es-01-61.libvirt_pool.general"
          ]
        }
      ]
    },
    {
      "module": "module.cn-es-01-61",
      "mode": "managed",
      "type": "libvirt_volume",
      "name": "disk_data2",
      "provider": "module.cn-es-01-61.provider[\"registry.terraform.io/dmacvicar/libvirt\"]",
      "instances": [
        {
          "schema_version": 0,
          "attributes": {
            "base_volume_id": null,
            "base_volume_name": null,
            "base_volume_pool": null,
            "format": "qcow2",
            "id": "/data/VMs/cn-es-01-61_pool/cn-es-01-61-disk-data2",
            "name": "cn-es-01-61-disk-data2",
            "pool": "cn-es-01-61_pool",
            "size": 53687091200,
            "source": null,
            "xml": []
          },
          "sensitive_attributes": [],
          "private": "bnVsbA==",
          "dependencies": [
            "module.cn-es-01-61.libvirt_pool.general"
          ]
        }
      ]
    },
    {
      "module": "module.cn-es-01-61",
      "mode": "managed",
      "type": "libvirt_volume",
      "name": "disk_data3",
      "provider": "module.cn-es-01-61.provider[\"registry.terraform.io/dmacvicar/libvirt\"]",
      "instances": [
        {
          "schema_version": 0,
          "attributes": {
            "base_volume_id": null,
            "base_volume_name": null,
            "base_volume_pool": null,
            "format": "qcow2",
            "id": "/data/VMs/cn-es-01-61_pool/cn-es-01-61-disk-data3",
            "name": "cn-es-01-61-disk-data3",
            "pool": "cn-es-01-61_pool",
            "size": 53687091200,
            "source": null,
            "xml": []
          },
          "sensitive_attributes": [],
          "private": "bnVsbA==",
          "dependencies": [
            "module.cn-es-01-61.libvirt_pool.general"
          ]
        }
      ]
    },
    {
      "module": "module.cn-es-01-61",
      "mode": "managed",
      "type": "libvirt_volume",
      "name": "disk_data4",
      "provider": "module.cn-es-01-61.provider[\"registry.terraform.io/dmacvicar/libvirt\"]",
      "instances": [
        {
          "schema_version": 0,
          "attributes": {
            "base_volume_id": null,
            "base_volume_name": null,
            "base_volume_pool": null,
            "format": "qcow2",
            "id": "/data/VMs/cn-es-01-61_pool/cn-es-01-61-disk-data4",
            "name": "cn-es-01-61-disk-data4",
            "pool": "cn-es-01-61_pool",
            "size": 53687091200,
            "source": null,
            "xml": []
          },
          "sensitive_attributes": [],
          "private": "bnVsbA==",
          "dependencies": [
            "module.cn-es-01-61.libvirt_pool.general"
          ]
        }
      ]
    },
    {
      "module": "module.cn-es-01-61",
      "mode": "managed",
      "type": "libvirt_volume",
      "name": "disk_data5",
      "provider": "module.cn-es-01-61.provider[\"registry.terraform.io/dmacvicar/libvirt\"]",
      "instances": [
        {
          "schema_version": 0,
          "attributes": {
            "base_volume_id": null,
            "base_volume_name": null,
            "base_volume_pool": null,
            "format": "qcow2",
            "id": "/data/VMs/cn-es-01-61_pool/cn-es-01-61-disk-data5",
            "name": "cn-es-01-61-disk-data5",
            "pool": "cn-es-01-61_pool",
            "size": 53687091200,
            "source": null,
            "xml": []
          },
          "sensitive_attributes": [],
          "private": "bnVsbA==",
          "dependencies": [
            "module.cn-es-01-61.libvirt_pool.general"
          ]
        }
      ]
    },
    {
      "module": "module.cn-es-01-61",
      "mode": "managed",
      "type": "libvirt_volume",
      "name": "image-qcow2",
      "provider": "module.cn-es-01-61.provider[\"registry.terraform.io/dmacvicar/libvirt\"]",
      "instances": [
        {
          "schema_version": 0,
          "attributes": {
            "base_volume_id": null,
            "base_volume_name": null,
            "base_volume_pool": null,
            "format": "qcow2",
            "id": "/data/VMs/cn-es-01-61_pool/cn-es-01-61_image.qcow2",
            "name": "cn-es-01-61_image.qcow2",
            "pool": "cn-es-01-61_pool",
            "size": 42949672960,
            "source": "http://172.16.0.1/dl/Template-GenericCloud-OL8U6.qcow2",
            "xml": []
          },
          "sensitive_attributes": [],
          "private": "bnVsbA==",
          "dependencies": [
            "module.cn-es-01-61.libvirt_pool.general"
          ]
        }
      ]
    },
    {
      "module": "module.cn-es-02-62",
      "mode": "data",
      "type": "template_file",
      "name": "network_config",
      "provider": "provider[\"registry.terraform.io/hashicorp/template\"]",
      "instances": [
        {
          "schema_version": 0,
          "attributes": {
            "filename": null,
            "id": "475922b302d0b6c75290cd0246b904ba2178cebd04e138d4533d4f930359f3cd",
            "rendered": "version: 2\nethernets:\n  eth0:\n    dhcp4: false\n    addresses: [ 172.16.0.62/23 ]\n    gateway4: 172.16.0.1\n    nameservers:\n      addresses: [ 223.5.5.5 ]\n",
            "template": "version: 2\nethernets:\n  eth0:\n    dhcp4: false\n    addresses: [ ${ipaddr} ]\n    gateway4: ${gateway}\n    nameservers:\n      addresses: [ ${dns} ]\n",
            "vars": {
              "dns": "223.5.5.5",
              "gateway": "172.16.0.1",
              "ipaddr": "172.16.0.62/23"
            }
          },
          "sensitive_attributes": []
        }
      ]
    },
    {
      "module": "module.cn-es-02-62",
      "mode": "data",
      "type": "template_file",
      "name": "user_data",
      "provider": "provider[\"registry.terraform.io/hashicorp/template\"]",
      "instances": [
        {
          "schema_version": 0,
          "attributes": {
            "filename": null,
            "id": "6d4b815cfd7c7b100854da615c3d1b0f3e20cb1d2d60aa73ee1e106eee99528b",
            "rendered": "#cloud-config\nhostname: cn-es-02-62\nusers:\n  - name: op\n    sudo: ALL=(ALL) NOPASSWD:ALL\n    groups: adm,sys\n    home: /home/op\n    shell: /bin/bash\n    lock_passwd: false\n    ssh_authorized_keys:\n      - ssh-rsa AAAAB3NzaC1yc2EAAAADAQABAAABgQDAC1wRW/BROyk4FXi1sO6U38+diLH1F/OBgC4Vr1Iz4KPH8ER95ITBy+eJu1eAfhS0PIdH3/sLFf13NurIbt/wrsUIsfKc4/cC2/cKI+bLfGUhVH99XNEHkcKgKJ1IeGvckiTZi4H37rYj4IRdAwOYAwYwkD+lV+UWCSVz3mGJh6CePysfQtTv0oc3AT2zXCnAi+dbBSNNZOnKWAC1pe9QXmMPcqkxFAs7xJZdl548dAdjFgw6AitjSKZjuSR0h6ABQ6Z0rdr05fo2kJcJiZSN8342TcYLBiv7Xrr6NdIbGvBClPxHcibVPU04tgOtMPea1e3/rA0XfClcjpgjhxZl2mw04UJdYVDjrfRw9gJvKufACMllr9MC6xxZbSBgfGlNxeYYFrGvSaYNPaUqRY5aVdpn5vaLU3ocDq+BuCLrYb4cqMXeQHIaSg/LTHMDUng7G3abcG0Kr0y2mbarYjc/BeyDPRPaniZUIWvjSwqL/Q+iFHJ7y9zkdW4kpH44XQM= op@bj-zhwsapp-01\nssh_pwauth: false\ndisable_root: false\nchpasswd:\n  list: |\n     op:Jieshi11gR2\n  expire: False\n\n# CentOS doesn't respect the hostname parameter above for some reason\nruncmd:\n  - [ \"/bin/bash\", \"-c\", \"sudo hostnamectl set-hostname cn-es-02-62\" ]\n",
            "template": "#cloud-config\nhostname: ${hostname}\nusers:\n  - name: op\n    sudo: ALL=(ALL) NOPASSWD:ALL\n    groups: adm,sys\n    home: /home/op\n    shell: /bin/bash\n    lock_passwd: false\n    ssh_authorized_keys:\n      - ssh-rsa AAAAB3NzaC1yc2EAAAADAQABAAABgQDAC1wRW/BROyk4FXi1sO6U38+diLH1F/OBgC4Vr1Iz4KPH8ER95ITBy+eJu1eAfhS0PIdH3/sLFf13NurIbt/wrsUIsfKc4/cC2/cKI+bLfGUhVH99XNEHkcKgKJ1IeGvckiTZi4H37rYj4IRdAwOYAwYwkD+lV+UWCSVz3mGJh6CePysfQtTv0oc3AT2zXCnAi+dbBSNNZOnKWAC1pe9QXmMPcqkxFAs7xJZdl548dAdjFgw6AitjSKZjuSR0h6ABQ6Z0rdr05fo2kJcJiZSN8342TcYLBiv7Xrr6NdIbGvBClPxHcibVPU04tgOtMPea1e3/rA0XfClcjpgjhxZl2mw04UJdYVDjrfRw9gJvKufACMllr9MC6xxZbSBgfGlNxeYYFrGvSaYNPaUqRY5aVdpn5vaLU3ocDq+BuCLrYb4cqMXeQHIaSg/LTHMDUng7G3abcG0Kr0y2mbarYjc/BeyDPRPaniZUIWvjSwqL/Q+iFHJ7y9zkdW4kpH44XQM= op@bj-zhwsapp-01\nssh_pwauth: false\ndisable_root: false\nchpasswd:\n  list: |\n     op:Jieshi11gR2\n  expire: False\n\n# CentOS doesn't respect the hostname parameter above for some reason\nruncmd:\n  - [ \"/bin/bash\", \"-c\", \"sudo hostnamectl set-hostname ${hostname}\" ]\n",
            "vars": {
              "hostname": "cn-es-02-62"
            }
          },
          "sensitive_attributes": []
        }
      ]
    },
    {
      "module": "module.cn-es-02-62",
      "mode": "managed",
      "type": "libvirt_cloudinit_disk",
      "name": "commoninit",
      "provider": "module.cn-es-02-62.provider[\"registry.terraform.io/dmacvicar/libvirt\"]",
      "instances": [
        {
          "schema_version": 0,
          "attributes": {
            "id": "/data/VMs/cn-es-02-62_pool/commoninit.iso;6a9b03bf-6a3d-4781-ad95-c1bf5cfc5bd4",
            "meta_data": "",
            "name": "commoninit.iso",
            "network_config": "version: 2\nethernets:\n  eth0:\n    dhcp4: false\n    addresses: [ 172.16.0.62/23 ]\n    gateway4: 172.16.0.1\n    nameservers:\n      addresses: [ 223.5.5.5 ]\n",
            "pool": "cn-es-02-62_pool",
            "user_data": "#cloud-config\nhostname: cn-es-02-62\nusers:\n  - name: op\n    sudo: ALL=(ALL) NOPASSWD:ALL\n    groups: adm,sys\n    home: /home/op\n    shell: /bin/bash\n    lock_passwd: false\n    ssh_authorized_keys:\n      - ssh-rsa AAAAB3NzaC1yc2EAAAADAQABAAABgQDAC1wRW/BROyk4FXi1sO6U38+diLH1F/OBgC4Vr1Iz4KPH8ER95ITBy+eJu1eAfhS0PIdH3/sLFf13NurIbt/wrsUIsfKc4/cC2/cKI+bLfGUhVH99XNEHkcKgKJ1IeGvckiTZi4H37rYj4IRdAwOYAwYwkD+lV+UWCSVz3mGJh6CePysfQtTv0oc3AT2zXCnAi+dbBSNNZOnKWAC1pe9QXmMPcqkxFAs7xJZdl548dAdjFgw6AitjSKZjuSR0h6ABQ6Z0rdr05fo2kJcJiZSN8342TcYLBiv7Xrr6NdIbGvBClPxHcibVPU04tgOtMPea1e3/rA0XfClcjpgjhxZl2mw04UJdYVDjrfRw9gJvKufACMllr9MC6xxZbSBgfGlNxeYYFrGvSaYNPaUqRY5aVdpn5vaLU3ocDq+BuCLrYb4cqMXeQHIaSg/LTHMDUng7G3abcG0Kr0y2mbarYjc/BeyDPRPaniZUIWvjSwqL/Q+iFHJ7y9zkdW4kpH44XQM= op@bj-zhwsapp-01\nssh_pwauth: false\ndisable_root: false\nchpasswd:\n  list: |\n     op:Jieshi11gR2\n  expire: False\n\n# CentOS doesn't respect the hostname parameter above for some reason\nruncmd:\n  - [ \"/bin/bash\", \"-c\", \"sudo hostnamectl set-hostname cn-es-02-62\" ]\n"
          },
          "sensitive_attributes": [],
          "private": "bnVsbA==",
          "dependencies": [
            "module.cn-es-02-62.data.template_file.network_config",
            "module.cn-es-02-62.data.template_file.user_data",
            "module.cn-es-02-62.libvirt_pool.general"
          ]
        }
      ]
    },
    {
      "module": "module.cn-es-02-62",
      "mode": "managed",
      "type": "libvirt_domain",
      "name": "general-domain",
      "provider": "module.cn-es-02-62.provider[\"registry.terraform.io/dmacvicar/libvirt\"]",
      "instances": [
        {
          "schema_version": 0,
          "attributes": {
            "arch": "x86_64",
            "autostart": null,
            "boot_device": [],
            "cloudinit": "/data/VMs/cn-es-02-62_pool/commoninit.iso;6a9b03bf-6a3d-4781-ad95-c1bf5cfc5bd4",
            "cmdline": null,
            "console": [
              {
                "source_host": "127.0.0.1",
                "source_path": "",
                "source_service": "0",
                "target_port": "0",
                "target_type": "serial",
                "type": "pty"
              }
            ],
            "coreos_ignition": null,
            "cpu": [],
            "description": "",
            "disk": [
              {
                "block_device": "",
                "file": "",
                "scsi": false,
                "url": "",
                "volume_id": "/data/VMs/cn-es-02-62_pool/cn-es-02-62_image.qcow2",
                "wwn": ""
              },
              {
                "block_device": "",
                "file": "",
                "scsi": false,
                "url": "",
                "volume_id": "/data/VMs/cn-es-02-62_pool/cn-es-02-62-disk-data1",
                "wwn": ""
              },
              {
                "block_device": "",
                "file": "",
                "scsi": false,
                "url": "",
                "volume_id": "/data/VMs/cn-es-02-62_pool/cn-es-02-62-disk-data2",
                "wwn": ""
              },
              {
                "block_device": "",
                "file": "",
                "scsi": false,
                "url": "",
                "volume_id": "/data/VMs/cn-es-02-62_pool/cn-es-02-62-disk-data3",
                "wwn": ""
              },
              {
                "block_device": "",
                "file": "",
                "scsi": false,
                "url": "",
                "volume_id": "/data/VMs/cn-es-02-62_pool/cn-es-02-62-disk-data4",
                "wwn": ""
              },
              {
                "block_device": "",
                "file": "",
                "scsi": false,
                "url": "",
                "volume_id": "/data/VMs/cn-es-02-62_pool/cn-es-02-62-disk-data5",
                "wwn": ""
              }
            ],
            "emulator": "/usr/libexec/qemu-kvm",
            "filesystem": [],
            "firmware": "",
            "fw_cfg_name": "opt/com.coreos/config",
            "graphics": [
              {
                "autoport": true,
                "listen_address": "127.0.0.1",
                "listen_type": "address",
                "type": "vnc",
                "websocket": 0
              }
            ],
            "id": "966b3ba3-cca2-47de-abdb-c6ff919bec28",
            "initrd": "",
            "kernel": "",
            "machine": "pc",
            "memory": 8192,
            "metadata": null,
            "name": "cn-es-02-62",
            "network_interface": [
              {
                "addresses": [],
                "bridge": "br0",
                "hostname": "",
                "mac": "52:54:00:9E:29:C7",
                "macvtap": "",
                "network_id": "",
                "network_name": "",
                "passthrough": "",
                "vepa": "",
                "wait_for_lease": false
              }
            ],
            "nvram": [],
            "qemu_agent": false,
            "running": true,
            "timeouts": null,
            "tpm": [],
            "vcpu": 8,
            "video": [],
            "xml": []
          },
          "sensitive_attributes": [],
          "private": "eyJlMmJmYjczMC1lY2FhLTExZTYtOGY4OC0zNDM2M2JjN2M0YzAiOnsiY3JlYXRlIjozMDAwMDAwMDAwMDB9fQ==",
          "dependencies": [
            "module.cn-es-02-62.data.template_file.network_config",
            "module.cn-es-02-62.data.template_file.user_data",
            "module.cn-es-02-62.libvirt_cloudinit_disk.commoninit",
            "module.cn-es-02-62.libvirt_pool.general",
            "module.cn-es-02-62.libvirt_volume.disk_data1",
            "module.cn-es-02-62.libvirt_volume.disk_data2",
            "module.cn-es-02-62.libvirt_volume.disk_data3",
            "module.cn-es-02-62.libvirt_volume.disk_data4",
            "module.cn-es-02-62.libvirt_volume.disk_data5",
            "module.cn-es-02-62.libvirt_volume.image-qcow2"
          ]
        }
      ]
    },
    {
      "module": "module.cn-es-02-62",
      "mode": "managed",
      "type": "libvirt_pool",
      "name": "general",
      "provider": "module.cn-es-02-62.provider[\"registry.terraform.io/dmacvicar/libvirt\"]",
      "instances": [
        {
          "schema_version": 0,
          "attributes": {
            "allocation": 113553088512,
            "available": null,
            "capacity": 3836748500992,
            "id": "12bea636-6b61-4020-85cc-dca25e385a85",
            "name": "cn-es-02-62_pool",
            "path": "/data/VMs/cn-es-02-62_pool",
            "type": "dir",
            "xml": []
          },
          "sensitive_attributes": [],
          "private": "bnVsbA=="
        }
      ]
    },
    {
      "module": "module.cn-es-02-62",
      "mode": "managed",
      "type": "libvirt_volume",
      "name": "disk_data1",
      "provider": "module.cn-es-02-62.provider[\"registry.terraform.io/dmacvicar/libvirt\"]",
      "instances": [
        {
          "schema_version": 0,
          "attributes": {
            "base_volume_id": null,
            "base_volume_name": null,
            "base_volume_pool": null,
            "format": "qcow2",
            "id": "/data/VMs/cn-es-02-62_pool/cn-es-02-62-disk-data1",
            "name": "cn-es-02-62-disk-data1",
            "pool": "cn-es-02-62_pool",
            "size": 53687091200,
            "source": null,
            "xml": []
          },
          "sensitive_attributes": [],
          "private": "bnVsbA==",
          "dependencies": [
            "module.cn-es-02-62.libvirt_pool.general"
          ]
        }
      ]
    },
    {
      "module": "module.cn-es-02-62",
      "mode": "managed",
      "type": "libvirt_volume",
      "name": "disk_data2",
      "provider": "module.cn-es-02-62.provider[\"registry.terraform.io/dmacvicar/libvirt\"]",
      "instances": [
        {
          "schema_version": 0,
          "attributes": {
            "base_volume_id": null,
            "base_volume_name": null,
            "base_volume_pool": null,
            "format": "qcow2",
            "id": "/data/VMs/cn-es-02-62_pool/cn-es-02-62-disk-data2",
            "name": "cn-es-02-62-disk-data2",
            "pool": "cn-es-02-62_pool",
            "size": 53687091200,
            "source": null,
            "xml": []
          },
          "sensitive_attributes": [],
          "private": "bnVsbA==",
          "dependencies": [
            "module.cn-es-02-62.libvirt_pool.general"
          ]
        }
      ]
    },
    {
      "module": "module.cn-es-02-62",
      "mode": "managed",
      "type": "libvirt_volume",
      "name": "disk_data3",
      "provider": "module.cn-es-02-62.provider[\"registry.terraform.io/dmacvicar/libvirt\"]",
      "instances": [
        {
          "schema_version": 0,
          "attributes": {
            "base_volume_id": null,
            "base_volume_name": null,
            "base_volume_pool": null,
            "format": "qcow2",
            "id": "/data/VMs/cn-es-02-62_pool/cn-es-02-62-disk-data3",
            "name": "cn-es-02-62-disk-data3",
            "pool": "cn-es-02-62_pool",
            "size": 53687091200,
            "source": null,
            "xml": []
          },
          "sensitive_attributes": [],
          "private": "bnVsbA==",
          "dependencies": [
            "module.cn-es-02-62.libvirt_pool.general"
          ]
        }
      ]
    },
    {
      "module": "module.cn-es-02-62",
      "mode": "managed",
      "type": "libvirt_volume",
      "name": "disk_data4",
      "provider": "module.cn-es-02-62.provider[\"registry.terraform.io/dmacvicar/libvirt\"]",
      "instances": [
        {
          "schema_version": 0,
          "attributes": {
            "base_volume_id": null,
            "base_volume_name": null,
            "base_volume_pool": null,
            "format": "qcow2",
            "id": "/data/VMs/cn-es-02-62_pool/cn-es-02-62-disk-data4",
            "name": "cn-es-02-62-disk-data4",
            "pool": "cn-es-02-62_pool",
            "size": 53687091200,
            "source": null,
            "xml": []
          },
          "sensitive_attributes": [],
          "private": "bnVsbA==",
          "dependencies": [
            "module.cn-es-02-62.libvirt_pool.general"
          ]
        }
      ]
    },
    {
      "module": "module.cn-es-02-62",
      "mode": "managed",
      "type": "libvirt_volume",
      "name": "disk_data5",
      "provider": "module.cn-es-02-62.provider[\"registry.terraform.io/dmacvicar/libvirt\"]",
      "instances": [
        {
          "schema_version": 0,
          "attributes": {
            "base_volume_id": null,
            "base_volume_name": null,
            "base_volume_pool": null,
            "format": "qcow2",
            "id": "/data/VMs/cn-es-02-62_pool/cn-es-02-62-disk-data5",
            "name": "cn-es-02-62-disk-data5",
            "pool": "cn-es-02-62_pool",
            "size": 53687091200,
            "source": null,
            "xml": []
          },
          "sensitive_attributes": [],
          "private": "bnVsbA==",
          "dependencies": [
            "module.cn-es-02-62.libvirt_pool.general"
          ]
        }
      ]
    },
    {
      "module": "module.cn-es-02-62",
      "mode": "managed",
      "type": "libvirt_volume",
      "name": "image-qcow2",
      "provider": "module.cn-es-02-62.provider[\"registry.terraform.io/dmacvicar/libvirt\"]",
      "instances": [
        {
          "schema_version": 0,
          "attributes": {
            "base_volume_id": null,
            "base_volume_name": null,
            "base_volume_pool": null,
            "format": "qcow2",
            "id": "/data/VMs/cn-es-02-62_pool/cn-es-02-62_image.qcow2",
            "name": "cn-es-02-62_image.qcow2",
            "pool": "cn-es-02-62_pool",
            "size": 42949672960,
            "source": "http://172.16.0.1/dl/Template-GenericCloud-OL8U6.qcow2",
            "xml": []
          },
          "sensitive_attributes": [],
          "private": "bnVsbA==",
          "dependencies": [
            "module.cn-es-02-62.libvirt_pool.general"
          ]
        }
      ]
    },
    {
      "module": "module.cn-es-03-63",
      "mode": "data",
      "type": "template_file",
      "name": "network_config",
      "provider": "provider[\"registry.terraform.io/hashicorp/template\"]",
      "instances": [
        {
          "schema_version": 0,
          "attributes": {
            "filename": null,
            "id": "4715d3dc607cdb40b45fa16a7794a05036b776b62c37ea96423b774dd95d2dcb",
            "rendered": "version: 2\nethernets:\n  eth0:\n    dhcp4: false\n    addresses: [ 172.16.0.63/23 ]\n    gateway4: 172.16.0.1\n    nameservers:\n      addresses: [ 223.5.5.5 ]\n",
            "template": "version: 2\nethernets:\n  eth0:\n    dhcp4: false\n    addresses: [ ${ipaddr} ]\n    gateway4: ${gateway}\n    nameservers:\n      addresses: [ ${dns} ]\n",
            "vars": {
              "dns": "223.5.5.5",
              "gateway": "172.16.0.1",
              "ipaddr": "172.16.0.63/23"
            }
          },
          "sensitive_attributes": []
        }
      ]
    },
    {
      "module": "module.cn-es-03-63",
      "mode": "data",
      "type": "template_file",
      "name": "user_data",
      "provider": "provider[\"registry.terraform.io/hashicorp/template\"]",
      "instances": [
        {
          "schema_version": 0,
          "attributes": {
            "filename": null,
            "id": "dc4b0b966c6fbaceaa1c0956b5311ed29109481ddd79b5276cfb8f4ec0031611",
            "rendered": "#cloud-config\nhostname: cn-es-03-63\nusers:\n  - name: op\n    sudo: ALL=(ALL) NOPASSWD:ALL\n    groups: adm,sys\n    home: /home/op\n    shell: /bin/bash\n    lock_passwd: false\n    ssh_authorized_keys:\n      - ssh-rsa AAAAB3NzaC1yc2EAAAADAQABAAABgQDAC1wRW/BROyk4FXi1sO6U38+diLH1F/OBgC4Vr1Iz4KPH8ER95ITBy+eJu1eAfhS0PIdH3/sLFf13NurIbt/wrsUIsfKc4/cC2/cKI+bLfGUhVH99XNEHkcKgKJ1IeGvckiTZi4H37rYj4IRdAwOYAwYwkD+lV+UWCSVz3mGJh6CePysfQtTv0oc3AT2zXCnAi+dbBSNNZOnKWAC1pe9QXmMPcqkxFAs7xJZdl548dAdjFgw6AitjSKZjuSR0h6ABQ6Z0rdr05fo2kJcJiZSN8342TcYLBiv7Xrr6NdIbGvBClPxHcibVPU04tgOtMPea1e3/rA0XfClcjpgjhxZl2mw04UJdYVDjrfRw9gJvKufACMllr9MC6xxZbSBgfGlNxeYYFrGvSaYNPaUqRY5aVdpn5vaLU3ocDq+BuCLrYb4cqMXeQHIaSg/LTHMDUng7G3abcG0Kr0y2mbarYjc/BeyDPRPaniZUIWvjSwqL/Q+iFHJ7y9zkdW4kpH44XQM= op@bj-zhwsapp-01\nssh_pwauth: false\ndisable_root: false\nchpasswd:\n  list: |\n     op:Jieshi11gR2\n  expire: False\n\n# CentOS doesn't respect the hostname parameter above for some reason\nruncmd:\n  - [ \"/bin/bash\", \"-c\", \"sudo hostnamectl set-hostname cn-es-03-63\" ]\n",
            "template": "#cloud-config\nhostname: ${hostname}\nusers:\n  - name: op\n    sudo: ALL=(ALL) NOPASSWD:ALL\n    groups: adm,sys\n    home: /home/op\n    shell: /bin/bash\n    lock_passwd: false\n    ssh_authorized_keys:\n      - ssh-rsa AAAAB3NzaC1yc2EAAAADAQABAAABgQDAC1wRW/BROyk4FXi1sO6U38+diLH1F/OBgC4Vr1Iz4KPH8ER95ITBy+eJu1eAfhS0PIdH3/sLFf13NurIbt/wrsUIsfKc4/cC2/cKI+bLfGUhVH99XNEHkcKgKJ1IeGvckiTZi4H37rYj4IRdAwOYAwYwkD+lV+UWCSVz3mGJh6CePysfQtTv0oc3AT2zXCnAi+dbBSNNZOnKWAC1pe9QXmMPcqkxFAs7xJZdl548dAdjFgw6AitjSKZjuSR0h6ABQ6Z0rdr05fo2kJcJiZSN8342TcYLBiv7Xrr6NdIbGvBClPxHcibVPU04tgOtMPea1e3/rA0XfClcjpgjhxZl2mw04UJdYVDjrfRw9gJvKufACMllr9MC6xxZbSBgfGlNxeYYFrGvSaYNPaUqRY5aVdpn5vaLU3ocDq+BuCLrYb4cqMXeQHIaSg/LTHMDUng7G3abcG0Kr0y2mbarYjc/BeyDPRPaniZUIWvjSwqL/Q+iFHJ7y9zkdW4kpH44XQM= op@bj-zhwsapp-01\nssh_pwauth: false\ndisable_root: false\nchpasswd:\n  list: |\n     op:Jieshi11gR2\n  expire: False\n\n# CentOS doesn't respect the hostname parameter above for some reason\nruncmd:\n  - [ \"/bin/bash\", \"-c\", \"sudo hostnamectl set-hostname ${hostname}\" ]\n",
            "vars": {
              "hostname": "cn-es-03-63"
            }
          },
          "sensitive_attributes": []
        }
      ]
    },
    {
      "module": "module.cn-es-03-63",
      "mode": "managed",
      "type": "libvirt_cloudinit_disk",
      "name": "commoninit",
      "provider": "module.cn-es-03-63.provider[\"registry.terraform.io/dmacvicar/libvirt\"]",
      "instances": [
        {
          "schema_version": 0,
          "attributes": {
            "id": "/data/VMs/cn-es-03-63_pool/commoninit.iso;cd79bdd9-ff87-4beb-9b3d-85275e85c03e",
            "meta_data": "",
            "name": "commoninit.iso",
            "network_config": "version: 2\nethernets:\n  eth0:\n    dhcp4: false\n    addresses: [ 172.16.0.63/23 ]\n    gateway4: 172.16.0.1\n    nameservers:\n      addresses: [ 223.5.5.5 ]\n",
            "pool": "cn-es-03-63_pool",
            "user_data": "#cloud-config\nhostname: cn-es-03-63\nusers:\n  - name: op\n    sudo: ALL=(ALL) NOPASSWD:ALL\n    groups: adm,sys\n    home: /home/op\n    shell: /bin/bash\n    lock_passwd: false\n    ssh_authorized_keys:\n      - ssh-rsa AAAAB3NzaC1yc2EAAAADAQABAAABgQDAC1wRW/BROyk4FXi1sO6U38+diLH1F/OBgC4Vr1Iz4KPH8ER95ITBy+eJu1eAfhS0PIdH3/sLFf13NurIbt/wrsUIsfKc4/cC2/cKI+bLfGUhVH99XNEHkcKgKJ1IeGvckiTZi4H37rYj4IRdAwOYAwYwkD+lV+UWCSVz3mGJh6CePysfQtTv0oc3AT2zXCnAi+dbBSNNZOnKWAC1pe9QXmMPcqkxFAs7xJZdl548dAdjFgw6AitjSKZjuSR0h6ABQ6Z0rdr05fo2kJcJiZSN8342TcYLBiv7Xrr6NdIbGvBClPxHcibVPU04tgOtMPea1e3/rA0XfClcjpgjhxZl2mw04UJdYVDjrfRw9gJvKufACMllr9MC6xxZbSBgfGlNxeYYFrGvSaYNPaUqRY5aVdpn5vaLU3ocDq+BuCLrYb4cqMXeQHIaSg/LTHMDUng7G3abcG0Kr0y2mbarYjc/BeyDPRPaniZUIWvjSwqL/Q+iFHJ7y9zkdW4kpH44XQM= op@bj-zhwsapp-01\nssh_pwauth: false\ndisable_root: false\nchpasswd:\n  list: |\n     op:Jieshi11gR2\n  expire: False\n\n# CentOS doesn't respect the hostname parameter above for some reason\nruncmd:\n  - [ \"/bin/bash\", \"-c\", \"sudo hostnamectl set-hostname cn-es-03-63\" ]\n"
          },
          "sensitive_attributes": [],
          "private": "bnVsbA==",
          "dependencies": [
            "module.cn-es-03-63.data.template_file.network_config",
            "module.cn-es-03-63.data.template_file.user_data",
            "module.cn-es-03-63.libvirt_pool.general"
          ]
        }
      ]
    },
    {
      "module": "module.cn-es-03-63",
      "mode": "managed",
      "type": "libvirt_domain",
      "name": "general-domain",
      "provider": "module.cn-es-03-63.provider[\"registry.terraform.io/dmacvicar/libvirt\"]",
      "instances": [
        {
          "schema_version": 0,
          "attributes": {
            "arch": "x86_64",
            "autostart": null,
            "boot_device": [],
            "cloudinit": "/data/VMs/cn-es-03-63_pool/commoninit.iso;cd79bdd9-ff87-4beb-9b3d-85275e85c03e",
            "cmdline": null,
            "console": [
              {
                "source_host": "127.0.0.1",
                "source_path": "",
                "source_service": "0",
                "target_port": "0",
                "target_type": "serial",
                "type": "pty"
              }
            ],
            "coreos_ignition": null,
            "cpu": [],
            "description": "",
            "disk": [
              {
                "block_device": "",
                "file": "",
                "scsi": false,
                "url": "",
                "volume_id": "/data/VMs/cn-es-03-63_pool/cn-es-03-63_image.qcow2",
                "wwn": ""
              },
              {
                "block_device": "",
                "file": "",
                "scsi": false,
                "url": "",
                "volume_id": "/data/VMs/cn-es-03-63_pool/cn-es-03-63-disk-data1",
                "wwn": ""
              },
              {
                "block_device": "",
                "file": "",
                "scsi": false,
                "url": "",
                "volume_id": "/data/VMs/cn-es-03-63_pool/cn-es-03-63-disk-data2",
                "wwn": ""
              },
              {
                "block_device": "",
                "file": "",
                "scsi": false,
                "url": "",
                "volume_id": "/data/VMs/cn-es-03-63_pool/cn-es-03-63-disk-data3",
                "wwn": ""
              },
              {
                "block_device": "",
                "file": "",
                "scsi": false,
                "url": "",
                "volume_id": "/data/VMs/cn-es-03-63_pool/cn-es-03-63-disk-data4",
                "wwn": ""
              },
              {
                "block_device": "",
                "file": "",
                "scsi": false,
                "url": "",
                "volume_id": "/data/VMs/cn-es-03-63_pool/cn-es-03-63-disk-data5",
                "wwn": ""
              }
            ],
            "emulator": "/usr/libexec/qemu-kvm",
            "filesystem": [],
            "firmware": "",
            "fw_cfg_name": "opt/com.coreos/config",
            "graphics": [
              {
                "autoport": true,
                "listen_address": "127.0.0.1",
                "listen_type": "address",
                "type": "vnc",
                "websocket": 0
              }
            ],
            "id": "89fc191c-353e-449e-a5f1-34358eb4f682",
            "initrd": "",
            "kernel": "",
            "machine": "pc",
            "memory": 8192,
            "metadata": null,
            "name": "cn-es-03-63",
            "network_interface": [
              {
                "addresses": [],
                "bridge": "br0",
                "hostname": "",
                "mac": "52:54:00:C6:1C:19",
                "macvtap": "",
                "network_id": "",
                "network_name": "",
                "passthrough": "",
                "vepa": "",
                "wait_for_lease": false
              }
            ],
            "nvram": [],
            "qemu_agent": false,
            "running": true,
            "timeouts": null,
            "tpm": [],
            "vcpu": 8,
            "video": [],
            "xml": []
          },
          "sensitive_attributes": [],
          "private": "eyJlMmJmYjczMC1lY2FhLTExZTYtOGY4OC0zNDM2M2JjN2M0YzAiOnsiY3JlYXRlIjozMDAwMDAwMDAwMDB9fQ==",
          "dependencies": [
            "module.cn-es-03-63.data.template_file.network_config",
            "module.cn-es-03-63.data.template_file.user_data",
            "module.cn-es-03-63.libvirt_cloudinit_disk.commoninit",
            "module.cn-es-03-63.libvirt_pool.general",
            "module.cn-es-03-63.libvirt_volume.disk_data1",
            "module.cn-es-03-63.libvirt_volume.disk_data2",
            "module.cn-es-03-63.libvirt_volume.disk_data3",
            "module.cn-es-03-63.libvirt_volume.disk_data4",
            "module.cn-es-03-63.libvirt_volume.disk_data5",
            "module.cn-es-03-63.libvirt_volume.image-qcow2"
          ]
        }
      ]
    },
    {
      "module": "module.cn-es-03-63",
      "mode": "managed",
      "type": "libvirt_pool",
      "name": "general",
      "provider": "module.cn-es-03-63.provider[\"registry.terraform.io/dmacvicar/libvirt\"]",
      "instances": [
        {
          "schema_version": 0,
          "attributes": {
            "allocation": 113553088512,
            "available": null,
            "capacity": 3836748500992,
            "id": "00ef93f5-2b91-4d55-9ce5-6045dd7ec565",
            "name": "cn-es-03-63_pool",
            "path": "/data/VMs/cn-es-03-63_pool",
            "type": "dir",
            "xml": []
          },
          "sensitive_attributes": [],
          "private": "bnVsbA=="
        }
      ]
    },
    {
      "module": "module.cn-es-03-63",
      "mode": "managed",
      "type": "libvirt_volume",
      "name": "disk_data1",
      "provider": "module.cn-es-03-63.provider[\"registry.terraform.io/dmacvicar/libvirt\"]",
      "instances": [
        {
          "schema_version": 0,
          "attributes": {
            "base_volume_id": null,
            "base_volume_name": null,
            "base_volume_pool": null,
            "format": "qcow2",
            "id": "/data/VMs/cn-es-03-63_pool/cn-es-03-63-disk-data1",
            "name": "cn-es-03-63-disk-data1",
            "pool": "cn-es-03-63_pool",
            "size": 53687091200,
            "source": null,
            "xml": []
          },
          "sensitive_attributes": [],
          "private": "bnVsbA==",
          "dependencies": [
            "module.cn-es-03-63.libvirt_pool.general"
          ]
        }
      ]
    },
    {
      "module": "module.cn-es-03-63",
      "mode": "managed",
      "type": "libvirt_volume",
      "name": "disk_data2",
      "provider": "module.cn-es-03-63.provider[\"registry.terraform.io/dmacvicar/libvirt\"]",
      "instances": [
        {
          "schema_version": 0,
          "attributes": {
            "base_volume_id": null,
            "base_volume_name": null,
            "base_volume_pool": null,
            "format": "qcow2",
            "id": "/data/VMs/cn-es-03-63_pool/cn-es-03-63-disk-data2",
            "name": "cn-es-03-63-disk-data2",
            "pool": "cn-es-03-63_pool",
            "size": 53687091200,
            "source": null,
            "xml": []
          },
          "sensitive_attributes": [],
          "private": "bnVsbA==",
          "dependencies": [
            "module.cn-es-03-63.libvirt_pool.general"
          ]
        }
      ]
    },
    {
      "module": "module.cn-es-03-63",
      "mode": "managed",
      "type": "libvirt_volume",
      "name": "disk_data3",
      "provider": "module.cn-es-03-63.provider[\"registry.terraform.io/dmacvicar/libvirt\"]",
      "instances": [
        {
          "schema_version": 0,
          "attributes": {
            "base_volume_id": null,
            "base_volume_name": null,
            "base_volume_pool": null,
            "format": "qcow2",
            "id": "/data/VMs/cn-es-03-63_pool/cn-es-03-63-disk-data3",
            "name": "cn-es-03-63-disk-data3",
            "pool": "cn-es-03-63_pool",
            "size": 53687091200,
            "source": null,
            "xml": []
          },
          "sensitive_attributes": [],
          "private": "bnVsbA==",
          "dependencies": [
            "module.cn-es-03-63.libvirt_pool.general"
          ]
        }
      ]
    },
    {
      "module": "module.cn-es-03-63",
      "mode": "managed",
      "type": "libvirt_volume",
      "name": "disk_data4",
      "provider": "module.cn-es-03-63.provider[\"registry.terraform.io/dmacvicar/libvirt\"]",
      "instances": [
        {
          "schema_version": 0,
          "attributes": {
            "base_volume_id": null,
            "base_volume_name": null,
            "base_volume_pool": null,
            "format": "qcow2",
            "id": "/data/VMs/cn-es-03-63_pool/cn-es-03-63-disk-data4",
            "name": "cn-es-03-63-disk-data4",
            "pool": "cn-es-03-63_pool",
            "size": 53687091200,
            "source": null,
            "xml": []
          },
          "sensitive_attributes": [],
          "private": "bnVsbA==",
          "dependencies": [
            "module.cn-es-03-63.libvirt_pool.general"
          ]
        }
      ]
    },
    {
      "module": "module.cn-es-03-63",
      "mode": "managed",
      "type": "libvirt_volume",
      "name": "disk_data5",
      "provider": "module.cn-es-03-63.provider[\"registry.terraform.io/dmacvicar/libvirt\"]",
      "instances": [
        {
          "schema_version": 0,
          "attributes": {
            "base_volume_id": null,
            "base_volume_name": null,
            "base_volume_pool": null,
            "format": "qcow2",
            "id": "/data/VMs/cn-es-03-63_pool/cn-es-03-63-disk-data5",
            "name": "cn-es-03-63-disk-data5",
            "pool": "cn-es-03-63_pool",
            "size": 53687091200,
            "source": null,
            "xml": []
          },
          "sensitive_attributes": [],
          "private": "bnVsbA==",
          "dependencies": [
            "module.cn-es-03-63.libvirt_pool.general"
          ]
        }
      ]
    },
    {
      "module": "module.cn-es-03-63",
      "mode": "managed",
      "type": "libvirt_volume",
      "name": "image-qcow2",
      "provider": "module.cn-es-03-63.provider[\"registry.terraform.io/dmacvicar/libvirt\"]",
      "instances": [
        {
          "schema_version": 0,
          "attributes": {
            "base_volume_id": null,
            "base_volume_name": null,
            "base_volume_pool": null,
            "format": "qcow2",
            "id": "/data/VMs/cn-es-03-63_pool/cn-es-03-63_image.qcow2",
            "name": "cn-es-03-63_image.qcow2",
            "pool": "cn-es-03-63_pool",
            "size": 42949672960,
            "source": "http://172.16.0.1/dl/Template-GenericCloud-OL8U6.qcow2",
            "xml": []
          },
          "sensitive_attributes": [],
          "private": "bnVsbA==",
          "dependencies": [
            "module.cn-es-03-63.libvirt_pool.general"
          ]
        }
      ]
    }
  ]
}
