{
  "version": 4,
  "terraform_version": "1.2.8",
  "serial": 37,
  "lineage": "3aea5aa1-93a1-56d0-5b53-37d1ba7ec172",
  "outputs": {},
  "resources": [
    {
      "module": "module.cn-ap-01",
      "mode": "data",
      "type": "template_file",
      "name": "network_config",
      "provider": "provider[\"registry.terraform.io/hashicorp/template\"]",
      "instances": [
        {
          "schema_version": 0,
          "attributes": {
            "filename": null,
            "id": "49a303c7a4bfbbf823f3f7e28bc1ee9999e23d0c75694489c827c8f0aade2350",
            "rendered": "version: 2\nethernets:\n  eth0:\n    dhcp4: false\n    addresses: [ 172.16.0.228/23 ]\n    gateway4: 172.16.0.1\n    nameservers:\n      addresses: [ 219.141.140.10 ]\n",
            "template": "version: 2\nethernets:\n  eth0:\n    dhcp4: false\n    addresses: [ ${ipaddr} ]\n    gateway4: ${gateway}\n    nameservers:\n      addresses: [ ${dns} ]\n",
            "vars": {
              "dns": "219.141.140.10",
              "gateway": "172.16.0.1",
              "ipaddr": "172.16.0.228/23"
            }
          },
          "sensitive_attributes": []
        }
      ]
    },
    {
      "module": "module.cn-ap-01",
      "mode": "data",
      "type": "template_file",
      "name": "user_data",
      "provider": "provider[\"registry.terraform.io/hashicorp/template\"]",
      "instances": [
        {
          "schema_version": 0,
          "attributes": {
            "filename": null,
            "id": "0463b87b63b40b3b6dc379f8faa3aae907f95a1c072c00a2a2c4f28f37485d80",
            "rendered": "#cloud-config\nhostname: cp-ap-01\nusers:\n  - name: op\n    sudo: ALL=(ALL) NOPASSWD:ALL\n    groups: adm,sys\n    home: /home/op\n    shell: /bin/bash\n    lock_passwd: false\n    ssh_authorized_keys:\n      - ssh-rsa AAAAB3NzaC1yc2EAAAADAQABAAABgQDAC1wRW/BROyk4FXi1sO6U38+diLH1F/OBgC4Vr1Iz4KPH8ER95ITBy+eJu1eAfhS0PIdH3/sLFf13NurIbt/wrsUIsfKc4/cC2/cKI+bLfGUhVH99XNEHkcKgKJ1IeGvckiTZi4H37rYj4IRdAwOYAwYwkD+lV+UWCSVz3mGJh6CePysfQtTv0oc3AT2zXCnAi+dbBSNNZOnKWAC1pe9QXmMPcqkxFAs7xJZdl548dAdjFgw6AitjSKZjuSR0h6ABQ6Z0rdr05fo2kJcJiZSN8342TcYLBiv7Xrr6NdIbGvBClPxHcibVPU04tgOtMPea1e3/rA0XfClcjpgjhxZl2mw04UJdYVDjrfRw9gJvKufACMllr9MC6xxZbSBgfGlNxeYYFrGvSaYNPaUqRY5aVdpn5vaLU3ocDq+BuCLrYb4cqMXeQHIaSg/LTHMDUng7G3abcG0Kr0y2mbarYjc/BeyDPRPaniZUIWvjSwqL/Q+iFHJ7y9zkdW4kpH44XQM= op@bj-zhwsapp-01\nssh_pwauth: false\ndisable_root: false\nchpasswd:\n  list: |\n     op:Jieshi11gR2\n  expire: False\n\n# CentOS doesn't respect the hostname parameter above for some reason\nruncmd:\n  - [ \"/bin/bash\", \"-c\", \"sudo hostnamectl set-hostname cp-ap-01\" ]\n",
            "template": "#cloud-config\nhostname: ${hostname}\nusers:\n  - name: op\n    sudo: ALL=(ALL) NOPASSWD:ALL\n    groups: adm,sys\n    home: /home/op\n    shell: /bin/bash\n    lock_passwd: false\n    ssh_authorized_keys:\n      - ssh-rsa AAAAB3NzaC1yc2EAAAADAQABAAABgQDAC1wRW/BROyk4FXi1sO6U38+diLH1F/OBgC4Vr1Iz4KPH8ER95ITBy+eJu1eAfhS0PIdH3/sLFf13NurIbt/wrsUIsfKc4/cC2/cKI+bLfGUhVH99XNEHkcKgKJ1IeGvckiTZi4H37rYj4IRdAwOYAwYwkD+lV+UWCSVz3mGJh6CePysfQtTv0oc3AT2zXCnAi+dbBSNNZOnKWAC1pe9QXmMPcqkxFAs7xJZdl548dAdjFgw6AitjSKZjuSR0h6ABQ6Z0rdr05fo2kJcJiZSN8342TcYLBiv7Xrr6NdIbGvBClPxHcibVPU04tgOtMPea1e3/rA0XfClcjpgjhxZl2mw04UJdYVDjrfRw9gJvKufACMllr9MC6xxZbSBgfGlNxeYYFrGvSaYNPaUqRY5aVdpn5vaLU3ocDq+BuCLrYb4cqMXeQHIaSg/LTHMDUng7G3abcG0Kr0y2mbarYjc/BeyDPRPaniZUIWvjSwqL/Q+iFHJ7y9zkdW4kpH44XQM= op@bj-zhwsapp-01\nssh_pwauth: false\ndisable_root: false\nchpasswd:\n  list: |\n     op:Jieshi11gR2\n  expire: False\n\n# CentOS doesn't respect the hostname parameter above for some reason\nruncmd:\n  - [ \"/bin/bash\", \"-c\", \"sudo hostnamectl set-hostname ${hostname}\" ]\n",
            "vars": {
              "hostname": "cp-ap-01"
            }
          },
          "sensitive_attributes": []
        }
      ]
    },
    {
      "module": "module.cn-ap-01",
      "mode": "managed",
      "type": "libvirt_cloudinit_disk",
      "name": "commoninit",
      "provider": "module.cn-ap-01.provider[\"registry.terraform.io/dmacvicar/libvirt\"]",
      "instances": [
        {
          "schema_version": 0,
          "attributes": {
            "id": "/data/VMs/cp-ap-01_pool/commoninit.iso;7a2efee7-5308-45d6-a944-4727b4c7502b",
            "meta_data": "",
            "name": "commoninit.iso",
            "network_config": "version: 2\nethernets:\n  eth0:\n    dhcp4: false\n    addresses: [ 172.16.0.228/23 ]\n    gateway4: 172.16.0.1\n    nameservers:\n      addresses: [ 219.141.140.10 ]\n",
            "pool": "cp-ap-01_pool",
            "user_data": "#cloud-config\nhostname: cp-ap-01\nusers:\n  - name: op\n    sudo: ALL=(ALL) NOPASSWD:ALL\n    groups: adm,sys\n    home: /home/op\n    shell: /bin/bash\n    lock_passwd: false\n    ssh_authorized_keys:\n      - ssh-rsa AAAAB3NzaC1yc2EAAAADAQABAAABgQDAC1wRW/BROyk4FXi1sO6U38+diLH1F/OBgC4Vr1Iz4KPH8ER95ITBy+eJu1eAfhS0PIdH3/sLFf13NurIbt/wrsUIsfKc4/cC2/cKI+bLfGUhVH99XNEHkcKgKJ1IeGvckiTZi4H37rYj4IRdAwOYAwYwkD+lV+UWCSVz3mGJh6CePysfQtTv0oc3AT2zXCnAi+dbBSNNZOnKWAC1pe9QXmMPcqkxFAs7xJZdl548dAdjFgw6AitjSKZjuSR0h6ABQ6Z0rdr05fo2kJcJiZSN8342TcYLBiv7Xrr6NdIbGvBClPxHcibVPU04tgOtMPea1e3/rA0XfClcjpgjhxZl2mw04UJdYVDjrfRw9gJvKufACMllr9MC6xxZbSBgfGlNxeYYFrGvSaYNPaUqRY5aVdpn5vaLU3ocDq+BuCLrYb4cqMXeQHIaSg/LTHMDUng7G3abcG0Kr0y2mbarYjc/BeyDPRPaniZUIWvjSwqL/Q+iFHJ7y9zkdW4kpH44XQM= op@bj-zhwsapp-01\nssh_pwauth: false\ndisable_root: false\nchpasswd:\n  list: |\n     op:Jieshi11gR2\n  expire: False\n\n# CentOS doesn't respect the hostname parameter above for some reason\nruncmd:\n  - [ \"/bin/bash\", \"-c\", \"sudo hostnamectl set-hostname cp-ap-01\" ]\n"
          },
          "sensitive_attributes": [],
          "private": "bnVsbA==",
          "dependencies": [
            "module.cn-ap-01.data.template_file.network_config",
            "module.cn-ap-01.data.template_file.user_data",
            "module.cn-ap-01.libvirt_pool.general"
          ]
        }
      ]
    },
    {
      "module": "module.cn-ap-01",
      "mode": "managed",
      "type": "libvirt_domain",
      "name": "general-domain",
      "provider": "module.cn-ap-01.provider[\"registry.terraform.io/dmacvicar/libvirt\"]",
      "instances": [
        {
          "schema_version": 0,
          "attributes": {
            "arch": "x86_64",
            "autostart": null,
            "boot_device": [],
            "cloudinit": "/data/VMs/cp-ap-01_pool/commoninit.iso;7a2efee7-5308-45d6-a944-4727b4c7502b",
            "cmdline": null,
            "console": [
              {
                "source_host": "127.0.0.1",
                "source_path": "",
                "source_service": "0",
                "target_port": "0",
                "target_type": "serial",
                "type": "pty"
              }
            ],
            "coreos_ignition": null,
            "cpu": [],
            "description": "",
            "disk": [
              {
                "block_device": "",
                "file": "",
                "scsi": false,
                "url": "",
                "volume_id": "/data/VMs/cp-ap-01_pool/cp-ap-01_image.qcow2",
                "wwn": ""
              },
              {
                "block_device": "",
                "file": "",
                "scsi": false,
                "url": "",
                "volume_id": "/data/VMs/cp-ap-01_pool/cp-ap-01-disk-data1",
                "wwn": ""
              }
            ],
            "emulator": "/usr/libexec/qemu-kvm",
            "filesystem": [],
            "firmware": "",
            "fw_cfg_name": "opt/com.coreos/config",
            "graphics": [
              {
                "autoport": true,
                "listen_address": "127.0.0.1",
                "listen_type": "address",
                "type": "vnc",
                "websocket": 0
              }
            ],
            "id": "6367b81f-9734-4614-9cb5-5f393377f13d",
            "initrd": "",
            "kernel": "",
            "machine": "pc",
            "memory": 8192,
            "metadata": null,
            "name": "cp-ap-01",
            "network_interface": [
              {
                "addresses": [],
                "bridge": "br0",
                "hostname": "",
                "mac": "52:54:00:9E:A7:9D",
                "macvtap": "",
                "network_id": "",
                "network_name": "",
                "passthrough": "",
                "vepa": "",
                "wait_for_lease": false
              }
            ],
            "nvram": [],
            "qemu_agent": false,
            "running": true,
            "timeouts": null,
            "tpm": [],
            "vcpu": 8,
            "video": [],
            "xml": []
          },
          "sensitive_attributes": [],
          "private": "eyJlMmJmYjczMC1lY2FhLTExZTYtOGY4OC0zNDM2M2JjN2M0YzAiOnsiY3JlYXRlIjozMDAwMDAwMDAwMDB9fQ==",
          "dependencies": [
            "module.cn-ap-01.data.template_file.network_config",
            "module.cn-ap-01.data.template_file.user_data",
            "module.cn-ap-01.libvirt_cloudinit_disk.commoninit",
            "module.cn-ap-01.libvirt_pool.general",
            "module.cn-ap-01.libvirt_volume.disk_data1",
            "module.cn-ap-01.libvirt_volume.image-qcow2"
          ]
        }
      ]
    },
    {
      "module": "module.cn-ap-01",
      "mode": "managed",
      "type": "libvirt_pool",
      "name": "general",
      "provider": "module.cn-ap-01.provider[\"registry.terraform.io/dmacvicar/libvirt\"]",
      "instances": [
        {
          "schema_version": 0,
          "attributes": {
            "allocation": 52663177216,
            "available": null,
            "capacity": 3836748500992,
            "id": "8209baec-e779-4e2a-9b1a-51a385002e2b",
            "name": "cp-ap-01_pool",
            "path": "/data/VMs/cp-ap-01_pool",
            "type": "dir",
            "xml": []
          },
          "sensitive_attributes": [],
          "private": "bnVsbA=="
        }
      ]
    },
    {
      "module": "module.cn-ap-01",
      "mode": "managed",
      "type": "libvirt_volume",
      "name": "disk_data1",
      "provider": "module.cn-ap-01.provider[\"registry.terraform.io/dmacvicar/libvirt\"]",
      "instances": [
        {
          "schema_version": 0,
          "attributes": {
            "base_volume_id": null,
            "base_volume_name": null,
            "base_volume_pool": null,
            "format": "qcow2",
            "id": "/data/VMs/cp-ap-01_pool/cp-ap-01-disk-data1",
            "name": "cp-ap-01-disk-data1",
            "pool": "cp-ap-01_pool",
            "size": 1073741824,
            "source": null,
            "xml": []
          },
          "sensitive_attributes": [],
          "private": "bnVsbA==",
          "dependencies": [
            "module.cn-ap-01.libvirt_pool.general"
          ]
        }
      ]
    },
    {
      "module": "module.cn-ap-01",
      "mode": "managed",
      "type": "libvirt_volume",
      "name": "image-qcow2",
      "provider": "module.cn-ap-01.provider[\"registry.terraform.io/dmacvicar/libvirt\"]",
      "instances": [
        {
          "schema_version": 0,
          "attributes": {
            "base_volume_id": null,
            "base_volume_name": null,
            "base_volume_pool": null,
            "format": "qcow2",
            "id": "/data/VMs/cp-ap-01_pool/cp-ap-01_image.qcow2",
            "name": "cp-ap-01_image.qcow2",
            "pool": "cp-ap-01_pool",
            "size": 107374182400,
            "source": "http://172.16.0.1/dl/Template-GenericCloud-OL8U6.qcow2",
            "xml": []
          },
          "sensitive_attributes": [],
          "private": "bnVsbA==",
          "dependencies": [
            "module.cn-ap-01.libvirt_pool.general"
          ]
        }
      ]
    },
    {
      "module": "module.cn-cp-01",
      "mode": "data",
      "type": "template_file",
      "name": "network_config",
      "provider": "provider[\"registry.terraform.io/hashicorp/template\"]",
      "instances": [
        {
          "schema_version": 0,
          "attributes": {
            "filename": null,
            "id": "775a4c310e53220a61af6c3d4f9a69203f9039512274648f8a6401fe84a31bbd",
            "rendered": "network:\n  version: 2\n  ethernets:\n    eth0:\n      dhcp4: false\n      addresses: [ 172.16.0.227/23 ]\n      gateway4: 172.16.0.1\n      nameservers:\n        addresses: [ 219.141.140.10 ]\n",
            "template": "network:\n  version: 2\n  ethernets:\n    eth0:\n      dhcp4: false\n      addresses: [ ${ipaddr} ]\n      gateway4: ${gateway}\n      nameservers:\n        addresses: [ ${dns} ]\n",
            "vars": {
              "dns": "219.141.140.10",
              "gateway": "172.16.0.1",
              "ipaddr": "172.16.0.227/23"
            }
          },
          "sensitive_attributes": []
        }
      ]
    },
    {
      "module": "module.cn-cp-01",
      "mode": "data",
      "type": "template_file",
      "name": "user_data",
      "provider": "provider[\"registry.terraform.io/hashicorp/template\"]",
      "instances": [
        {
          "schema_version": 0,
          "attributes": {
            "filename": null,
            "id": "1b779f76f3e61befc53fffbc526408ef6616aa246240d86bd07e8a16268536f1",
            "rendered": "#cloud-config\nhostname: cn-cp-01\n#manage_etc_hosts: true\nusers:\n  - name: op\n    sudo: ALL=(ALL) NOPASSWD:ALL\n    groups: users, admin\n    home: /home/op\n    shell: /bin/bash\n    lock_passwd: false\n    ssh_authorized_keys:\n      - ssh-rsa AAAAB3NzaC1yc2EAAAADAQABAAABgQDAC1wRW/BROyk4FXi1sO6U38+diLH1F/OBgC4Vr1Iz4KPH8ER95ITBy+eJu1eAfhS0PIdH3/sLFf13NurIbt/wrsUIsfKc4/cC2/cKI+bLfGUhVH99XNEHkcKgKJ1IeGvckiTZi4H37rYj4IRdAwOYAwYwkD+lV+UWCSVz3mGJh6CePysfQtTv0oc3AT2zXCnAi+dbBSNNZOnKWAC1pe9QXmMPcqkxFAs7xJZdl548dAdjFgw6AitjSKZjuSR0h6ABQ6Z0rdr05fo2kJcJiZSN8342TcYLBiv7Xrr6NdIbGvBClPxHcibVPU04tgOtMPea1e3/rA0XfClcjpgjhxZl2mw04UJdYVDjrfRw9gJvKufACMllr9MC6xxZbSBgfGlNxeYYFrGvSaYNPaUqRY5aVdpn5vaLU3ocDq+BuCLrYb4cqMXeQHIaSg/LTHMDUng7G3abcG0Kr0y2mbarYjc/BeyDPRPaniZUIWvjSwqL/Q+iFHJ7y9zkdW4kpH44XQM= op@bj-zhwsapp-01  \n\nssh_pwauth: false\ndisable_root: false\nchpasswd:\n  list: |\n     op:Jieshi11gR2\n  expire: False\nruncmd:\n  - [ \"/bin/bash\", \"-c\", \"sudo /opt/replace-netplan\" ]\n  - [ \"/bin/bash\", \"-c\", \"sudo rm -rf /opt/replace-netplan\" ]\n\n",
            "template": "#cloud-config\nhostname: ${hostname}\n#manage_etc_hosts: true\nusers:\n  - name: op\n    sudo: ALL=(ALL) NOPASSWD:ALL\n    groups: users, admin\n    home: /home/op\n    shell: /bin/bash\n    lock_passwd: false\n    ssh_authorized_keys:\n      - ssh-rsa AAAAB3NzaC1yc2EAAAADAQABAAABgQDAC1wRW/BROyk4FXi1sO6U38+diLH1F/OBgC4Vr1Iz4KPH8ER95ITBy+eJu1eAfhS0PIdH3/sLFf13NurIbt/wrsUIsfKc4/cC2/cKI+bLfGUhVH99XNEHkcKgKJ1IeGvckiTZi4H37rYj4IRdAwOYAwYwkD+lV+UWCSVz3mGJh6CePysfQtTv0oc3AT2zXCnAi+dbBSNNZOnKWAC1pe9QXmMPcqkxFAs7xJZdl548dAdjFgw6AitjSKZjuSR0h6ABQ6Z0rdr05fo2kJcJiZSN8342TcYLBiv7Xrr6NdIbGvBClPxHcibVPU04tgOtMPea1e3/rA0XfClcjpgjhxZl2mw04UJdYVDjrfRw9gJvKufACMllr9MC6xxZbSBgfGlNxeYYFrGvSaYNPaUqRY5aVdpn5vaLU3ocDq+BuCLrYb4cqMXeQHIaSg/LTHMDUng7G3abcG0Kr0y2mbarYjc/BeyDPRPaniZUIWvjSwqL/Q+iFHJ7y9zkdW4kpH44XQM= op@bj-zhwsapp-01  \n\nssh_pwauth: false\ndisable_root: false\nchpasswd:\n  list: |\n     op:Jieshi11gR2\n  expire: False\nruncmd:\n  - [ \"/bin/bash\", \"-c\", \"sudo /opt/replace-netplan\" ]\n  - [ \"/bin/bash\", \"-c\", \"sudo rm -rf /opt/replace-netplan\" ]\n\n",
            "vars": {
              "hostname": "cn-cp-01"
            }
          },
          "sensitive_attributes": []
        }
      ]
    },
    {
      "module": "module.cn-cp-01",
      "mode": "managed",
      "type": "libvirt_cloudinit_disk",
      "name": "commoninit",
      "provider": "module.cn-cp-01.provider[\"registry.terraform.io/dmacvicar/libvirt\"]",
      "instances": [
        {
          "schema_version": 0,
          "attributes": {
            "id": "/data/VMs/cn-cp-01_pool/commoninit.iso;9f903a8c-71d2-4c70-9008-543e24a3c2c2",
            "meta_data": "",
            "name": "commoninit.iso",
            "network_config": "network:\n  version: 2\n  ethernets:\n    eth0:\n      dhcp4: false\n      addresses: [ 172.16.0.227/23 ]\n      gateway4: 172.16.0.1\n      nameservers:\n        addresses: [ 219.141.140.10 ]\n",
            "pool": "cn-cp-01_pool",
            "user_data": "#cloud-config\nhostname: cn-cp-01\n#manage_etc_hosts: true\nusers:\n  - name: op\n    sudo: ALL=(ALL) NOPASSWD:ALL\n    groups: users, admin\n    home: /home/op\n    shell: /bin/bash\n    lock_passwd: false\n    ssh_authorized_keys:\n      - ssh-rsa AAAAB3NzaC1yc2EAAAADAQABAAABgQDAC1wRW/BROyk4FXi1sO6U38+diLH1F/OBgC4Vr1Iz4KPH8ER95ITBy+eJu1eAfhS0PIdH3/sLFf13NurIbt/wrsUIsfKc4/cC2/cKI+bLfGUhVH99XNEHkcKgKJ1IeGvckiTZi4H37rYj4IRdAwOYAwYwkD+lV+UWCSVz3mGJh6CePysfQtTv0oc3AT2zXCnAi+dbBSNNZOnKWAC1pe9QXmMPcqkxFAs7xJZdl548dAdjFgw6AitjSKZjuSR0h6ABQ6Z0rdr05fo2kJcJiZSN8342TcYLBiv7Xrr6NdIbGvBClPxHcibVPU04tgOtMPea1e3/rA0XfClcjpgjhxZl2mw04UJdYVDjrfRw9gJvKufACMllr9MC6xxZbSBgfGlNxeYYFrGvSaYNPaUqRY5aVdpn5vaLU3ocDq+BuCLrYb4cqMXeQHIaSg/LTHMDUng7G3abcG0Kr0y2mbarYjc/BeyDPRPaniZUIWvjSwqL/Q+iFHJ7y9zkdW4kpH44XQM= op@bj-zhwsapp-01  \n\nssh_pwauth: false\ndisable_root: false\nchpasswd:\n  list: |\n     op:Jieshi11gR2\n  expire: False\nruncmd:\n  - [ \"/bin/bash\", \"-c\", \"sudo /opt/replace-netplan\" ]\n  - [ \"/bin/bash\", \"-c\", \"sudo rm -rf /opt/replace-netplan\" ]\n\n"
          },
          "sensitive_attributes": [],
          "private": "bnVsbA==",
          "dependencies": [
            "module.cn-cp-01.data.template_file.network_config",
            "module.cn-cp-01.data.template_file.user_data",
            "module.cn-cp-01.libvirt_pool.general"
          ]
        }
      ]
    },
    {
      "module": "module.cn-cp-01",
      "mode": "managed",
      "type": "libvirt_domain",
      "name": "general-domain",
      "provider": "module.cn-cp-01.provider[\"registry.terraform.io/dmacvicar/libvirt\"]",
      "instances": [
        {
          "schema_version": 0,
          "attributes": {
            "arch": "x86_64",
            "autostart": null,
            "boot_device": [],
            "cloudinit": "/data/VMs/cn-cp-01_pool/commoninit.iso;9f903a8c-71d2-4c70-9008-543e24a3c2c2",
            "cmdline": null,
            "console": [
              {
                "source_host": "127.0.0.1",
                "source_path": "",
                "source_service": "0",
                "target_port": "0",
                "target_type": "serial",
                "type": "pty"
              }
            ],
            "coreos_ignition": null,
            "cpu": [],
            "description": "",
            "disk": [
              {
                "block_device": "",
                "file": "",
                "scsi": false,
                "url": "",
                "volume_id": "/data/VMs/cn-cp-01_pool/cn-cp-01_image.qcow2",
                "wwn": ""
              },
              {
                "block_device": "",
                "file": "",
                "scsi": false,
                "url": "",
                "volume_id": "/data/VMs/cn-cp-01_pool/cn-cp-01-disk-data1",
                "wwn": ""
              }
            ],
            "emulator": "/usr/libexec/qemu-kvm",
            "filesystem": [],
            "firmware": "",
            "fw_cfg_name": "opt/com.coreos/config",
            "graphics": [
              {
                "autoport": true,
                "listen_address": "127.0.0.1",
                "listen_type": "address",
                "type": "vnc",
                "websocket": 0
              }
            ],
            "id": "de1c006d-5d44-4571-8a20-f5ed61847378",
            "initrd": "",
            "kernel": "",
            "machine": "pc",
            "memory": 8192,
            "metadata": null,
            "name": "cn-cp-01",
            "network_interface": [
              {
                "addresses": [],
                "bridge": "br0",
                "hostname": "",
                "mac": "52:54:00:BE:57:D2",
                "macvtap": "",
                "network_id": "",
                "network_name": "",
                "passthrough": "",
                "vepa": "",
                "wait_for_lease": false
              }
            ],
            "nvram": [],
            "qemu_agent": false,
            "running": true,
            "timeouts": null,
            "tpm": [],
            "vcpu": 8,
            "video": [],
            "xml": []
          },
          "sensitive_attributes": [],
          "private": "eyJlMmJmYjczMC1lY2FhLTExZTYtOGY4OC0zNDM2M2JjN2M0YzAiOnsiY3JlYXRlIjozMDAwMDAwMDAwMDB9fQ==",
          "dependencies": [
            "module.cn-cp-01.data.template_file.network_config",
            "module.cn-cp-01.data.template_file.user_data",
            "module.cn-cp-01.libvirt_cloudinit_disk.commoninit",
            "module.cn-cp-01.libvirt_pool.general",
            "module.cn-cp-01.libvirt_volume.disk_data1",
            "module.cn-cp-01.libvirt_volume.image-qcow2"
          ]
        }
      ]
    },
    {
      "module": "module.cn-cp-01",
      "mode": "managed",
      "type": "libvirt_pool",
      "name": "general",
      "provider": "module.cn-cp-01.provider[\"registry.terraform.io/dmacvicar/libvirt\"]",
      "instances": [
        {
          "schema_version": 0,
          "attributes": {
            "allocation": 1012170170368,
            "available": null,
            "capacity": 3836748500992,
            "id": "53b569cc-5739-40c0-a888-9591464079fc",
            "name": "cn-cp-01_pool",
            "path": "/data/VMs/cn-cp-01_pool",
            "type": "dir",
            "xml": []
          },
          "sensitive_attributes": [],
          "private": "bnVsbA=="
        }
      ]
    },
    {
      "module": "module.cn-cp-01",
      "mode": "managed",
      "type": "libvirt_volume",
      "name": "disk_data1",
      "provider": "module.cn-cp-01.provider[\"registry.terraform.io/dmacvicar/libvirt\"]",
      "instances": [
        {
          "schema_version": 0,
          "attributes": {
            "base_volume_id": null,
            "base_volume_name": null,
            "base_volume_pool": null,
            "format": "qcow2",
            "id": "/data/VMs/cn-cp-01_pool/cn-cp-01-disk-data1",
            "name": "cn-cp-01-disk-data1",
            "pool": "cn-cp-01_pool",
            "size": 1073741824,
            "source": null,
            "xml": []
          },
          "sensitive_attributes": [],
          "private": "bnVsbA==",
          "dependencies": [
            "module.cn-cp-01.libvirt_pool.general"
          ]
        }
      ]
    },
    {
      "module": "module.cn-cp-01",
      "mode": "managed",
      "type": "libvirt_volume",
      "name": "image-qcow2",
      "provider": "module.cn-cp-01.provider[\"registry.terraform.io/dmacvicar/libvirt\"]",
      "instances": [
        {
          "schema_version": 0,
          "attributes": {
            "base_volume_id": null,
            "base_volume_name": null,
            "base_volume_pool": null,
            "format": "qcow2",
            "id": "/data/VMs/cn-cp-01_pool/cn-cp-01_image.qcow2",
            "name": "cn-cp-01_image.qcow2",
            "pool": "cn-cp-01_pool",
            "size": 42949672960,
            "source": "http://172.16.0.1/dl/Template-GenericCloud-US22U4P1.qcow2",
            "xml": []
          },
          "sensitive_attributes": [],
          "private": "bnVsbA==",
          "dependencies": [
            "module.cn-cp-01.libvirt_pool.general"
          ]
        }
      ]
    }
  ]
}
