{
  "version": 4,
  "terraform_version": "1.2.8",
  "serial": 19,
  "lineage": "4701e211-5b74-61f6-1de6-525eefa378d4",
  "outputs": {},
  "resources": [
    {
      "module": "module.cn-es-01-81",
      "mode": "data",
      "type": "template_file",
      "name": "network_config",
      "provider": "provider[\"registry.terraform.io/hashicorp/template\"]",
      "instances": [
        {
          "schema_version": 0,
          "attributes": {
            "filename": null,
            "id": "4d22f3816c0467b0d1be12ce006c675576fdfae526523d9075bb6190b805714e",
            "rendered": "version: 2\nethernets:\n  eth0:\n    dhcp4: false\n    addresses: [ 172.16.0.81/23 ]\n    gateway4: 172.16.0.1\n    nameservers:\n      addresses: [ 223.5.5.5 ]\n",
            "template": "version: 2\nethernets:\n  eth0:\n    dhcp4: false\n    addresses: [ ${ipaddr} ]\n    gateway4: ${gateway}\n    nameservers:\n      addresses: [ ${dns} ]\n",
            "vars": {
              "dns": "223.5.5.5",
              "gateway": "172.16.0.1",
              "ipaddr": "172.16.0.81/23"
            }
          },
          "sensitive_attributes": []
        }
      ]
    },
    {
      "module": "module.cn-es-01-81",
      "mode": "data",
      "type": "template_file",
      "name": "user_data",
      "provider": "provider[\"registry.terraform.io/hashicorp/template\"]",
      "instances": [
        {
          "schema_version": 0,
          "attributes": {
            "filename": null,
            "id": "1c7035b5ae7531decbe4de05a8d4f27dca00f8c54afb15f8f77ef617c3c739a3",
            "rendered": "#cloud-config\nhostname: cn-es-01-81\nusers:\n  - name: op\n    sudo: ALL=(ALL) NOPASSWD:ALL\n    groups: adm,sys\n    home: /home/op\n    shell: /bin/bash\n    lock_passwd: false\n    ssh_authorized_keys:\n      - ssh-rsa AAAAB3NzaC1yc2EAAAADAQABAAABgQDAC1wRW/BROyk4FXi1sO6U38+diLH1F/OBgC4Vr1Iz4KPH8ER95ITBy+eJu1eAfhS0PIdH3/sLFf13NurIbt/wrsUIsfKc4/cC2/cKI+bLfGUhVH99XNEHkcKgKJ1IeGvckiTZi4H37rYj4IRdAwOYAwYwkD+lV+UWCSVz3mGJh6CePysfQtTv0oc3AT2zXCnAi+dbBSNNZOnKWAC1pe9QXmMPcqkxFAs7xJZdl548dAdjFgw6AitjSKZjuSR0h6ABQ6Z0rdr05fo2kJcJiZSN8342TcYLBiv7Xrr6NdIbGvBClPxHcibVPU04tgOtMPea1e3/rA0XfClcjpgjhxZl2mw04UJdYVDjrfRw9gJvKufACMllr9MC6xxZbSBgfGlNxeYYFrGvSaYNPaUqRY5aVdpn5vaLU3ocDq+BuCLrYb4cqMXeQHIaSg/LTHMDUng7G3abcG0Kr0y2mbarYjc/BeyDPRPaniZUIWvjSwqL/Q+iFHJ7y9zkdW4kpH44XQM= op@bj-zhwsapp-01\nssh_pwauth: false\ndisable_root: false\nchpasswd:\n  list: |\n     op:Jieshi11gR2\n  expire: False\n\n# CentOS doesn't respect the hostname parameter above for some reason\nruncmd:\n  - [ \"/bin/bash\", \"-c\", \"sudo hostnamectl set-hostname cn-es-01-81\" ]\n",
            "template": "#cloud-config\nhostname: ${hostname}\nusers:\n  - name: op\n    sudo: ALL=(ALL) NOPASSWD:ALL\n    groups: adm,sys\n    home: /home/op\n    shell: /bin/bash\n    lock_passwd: false\n    ssh_authorized_keys:\n      - ssh-rsa AAAAB3NzaC1yc2EAAAADAQABAAABgQDAC1wRW/BROyk4FXi1sO6U38+diLH1F/OBgC4Vr1Iz4KPH8ER95ITBy+eJu1eAfhS0PIdH3/sLFf13NurIbt/wrsUIsfKc4/cC2/cKI+bLfGUhVH99XNEHkcKgKJ1IeGvckiTZi4H37rYj4IRdAwOYAwYwkD+lV+UWCSVz3mGJh6CePysfQtTv0oc3AT2zXCnAi+dbBSNNZOnKWAC1pe9QXmMPcqkxFAs7xJZdl548dAdjFgw6AitjSKZjuSR0h6ABQ6Z0rdr05fo2kJcJiZSN8342TcYLBiv7Xrr6NdIbGvBClPxHcibVPU04tgOtMPea1e3/rA0XfClcjpgjhxZl2mw04UJdYVDjrfRw9gJvKufACMllr9MC6xxZbSBgfGlNxeYYFrGvSaYNPaUqRY5aVdpn5vaLU3ocDq+BuCLrYb4cqMXeQHIaSg/LTHMDUng7G3abcG0Kr0y2mbarYjc/BeyDPRPaniZUIWvjSwqL/Q+iFHJ7y9zkdW4kpH44XQM= op@bj-zhwsapp-01\nssh_pwauth: false\ndisable_root: false\nchpasswd:\n  list: |\n     op:Jieshi11gR2\n  expire: False\n\n# CentOS doesn't respect the hostname parameter above for some reason\nruncmd:\n  - [ \"/bin/bash\", \"-c\", \"sudo hostnamectl set-hostname ${hostname}\" ]\n",
            "vars": {
              "hostname": "cn-es-01-81"
            }
          },
          "sensitive_attributes": []
        }
      ]
    },
    {
      "module": "module.cn-es-01-81",
      "mode": "managed",
      "type": "libvirt_cloudinit_disk",
      "name": "commoninit",
      "provider": "module.cn-es-01-81.provider[\"registry.terraform.io/dmacvicar/libvirt\"]",
      "instances": [
        {
          "schema_version": 0,
          "attributes": {
            "id": "/data/VMs/cn-es-01-81_pool/commoninit.iso;4c799b87-bfb0-4290-8986-3d62c1ea1126",
            "meta_data": "",
            "name": "commoninit.iso",
            "network_config": "version: 2\nethernets:\n  eth0:\n    dhcp4: false\n    addresses: [ 172.16.0.81/23 ]\n    gateway4: 172.16.0.1\n    nameservers:\n      addresses: [ 223.5.5.5 ]\n",
            "pool": "cn-es-01-81_pool",
            "user_data": "#cloud-config\nhostname: cn-es-01-81\nusers:\n  - name: op\n    sudo: ALL=(ALL) NOPASSWD:ALL\n    groups: adm,sys\n    home: /home/op\n    shell: /bin/bash\n    lock_passwd: false\n    ssh_authorized_keys:\n      - ssh-rsa AAAAB3NzaC1yc2EAAAADAQABAAABgQDAC1wRW/BROyk4FXi1sO6U38+diLH1F/OBgC4Vr1Iz4KPH8ER95ITBy+eJu1eAfhS0PIdH3/sLFf13NurIbt/wrsUIsfKc4/cC2/cKI+bLfGUhVH99XNEHkcKgKJ1IeGvckiTZi4H37rYj4IRdAwOYAwYwkD+lV+UWCSVz3mGJh6CePysfQtTv0oc3AT2zXCnAi+dbBSNNZOnKWAC1pe9QXmMPcqkxFAs7xJZdl548dAdjFgw6AitjSKZjuSR0h6ABQ6Z0rdr05fo2kJcJiZSN8342TcYLBiv7Xrr6NdIbGvBClPxHcibVPU04tgOtMPea1e3/rA0XfClcjpgjhxZl2mw04UJdYVDjrfRw9gJvKufACMllr9MC6xxZbSBgfGlNxeYYFrGvSaYNPaUqRY5aVdpn5vaLU3ocDq+BuCLrYb4cqMXeQHIaSg/LTHMDUng7G3abcG0Kr0y2mbarYjc/BeyDPRPaniZUIWvjSwqL/Q+iFHJ7y9zkdW4kpH44XQM= op@bj-zhwsapp-01\nssh_pwauth: false\ndisable_root: false\nchpasswd:\n  list: |\n     op:Jieshi11gR2\n  expire: False\n\n# CentOS doesn't respect the hostname parameter above for some reason\nruncmd:\n  - [ \"/bin/bash\", \"-c\", \"sudo hostnamectl set-hostname cn-es-01-81\" ]\n"
          },
          "sensitive_attributes": [],
          "private": "bnVsbA==",
          "dependencies": [
            "module.cn-es-01-81.data.template_file.network_config",
            "module.cn-es-01-81.data.template_file.user_data",
            "module.cn-es-01-81.libvirt_pool.general"
          ]
        }
      ]
    },
    {
      "module": "module.cn-es-01-81",
      "mode": "managed",
      "type": "libvirt_domain",
      "name": "general-domain",
      "provider": "module.cn-es-01-81.provider[\"registry.terraform.io/dmacvicar/libvirt\"]",
      "instances": [
        {
          "schema_version": 0,
          "attributes": {
            "arch": "x86_64",
            "autostart": false,
            "boot_device": [],
            "cloudinit": "/data/VMs/cn-es-01-81_pool/commoninit.iso;4c799b87-bfb0-4290-8986-3d62c1ea1126",
            "cmdline": null,
            "console": [
              {
                "source_host": "127.0.0.1",
                "source_path": "",
                "source_service": "0",
                "target_port": "0",
                "target_type": "serial",
                "type": "pty"
              }
            ],
            "coreos_ignition": null,
            "cpu": [
              {
                "mode": "custom"
              }
            ],
            "description": "",
            "disk": [
              {
                "block_device": "",
                "file": "",
                "scsi": false,
                "url": "",
                "volume_id": "/data/VMs/cn-es-01-81_pool/cn-es-01-81_image.qcow2",
                "wwn": ""
              },
              {
                "block_device": "",
                "file": "",
                "scsi": false,
                "url": "",
                "volume_id": "/data/VMs/cn-es-01-81_pool/cn-es-01-81-disk-data1",
                "wwn": ""
              },
              {
                "block_device": "",
                "file": "",
                "scsi": false,
                "url": "",
                "volume_id": "/data/VMs/cn-es-01-81_pool/cn-es-01-81-disk-data2",
                "wwn": ""
              }
            ],
            "emulator": "/usr/libexec/qemu-kvm",
            "filesystem": [],
            "firmware": null,
            "fw_cfg_name": "opt/com.coreos/config",
            "graphics": [
              {
                "autoport": true,
                "listen_address": "127.0.0.1",
                "listen_type": "address",
                "type": "vnc",
                "websocket": 0
              }
            ],
            "id": "6a173df6-3e26-495b-9e80-c7737da4e3e0",
            "initrd": "",
            "kernel": "",
            "machine": "pc",
            "memory": 30720,
            "metadata": null,
            "name": "cn-es-01-81",
            "network_interface": [
              {
                "addresses": [],
                "bridge": "br0",
                "hostname": "",
                "mac": "52:54:00:56:E0:BB",
                "macvtap": "",
                "network_id": "",
                "network_name": "",
                "passthrough": "",
                "vepa": "",
                "wait_for_lease": false
              }
            ],
            "nvram": [],
            "qemu_agent": false,
            "running": true,
            "timeouts": null,
            "tpm": [],
            "vcpu": 16,
            "video": [],
            "xml": []
          },
          "sensitive_attributes": [],
          "private": "eyJlMmJmYjczMC1lY2FhLTExZTYtOGY4OC0zNDM2M2JjN2M0YzAiOnsiY3JlYXRlIjozMDAwMDAwMDAwMDB9fQ==",
          "dependencies": [
            "module.cn-es-01-81.data.template_file.network_config",
            "module.cn-es-01-81.data.template_file.user_data",
            "module.cn-es-01-81.libvirt_cloudinit_disk.commoninit",
            "module.cn-es-01-81.libvirt_pool.general",
            "module.cn-es-01-81.libvirt_volume.disk_data1",
            "module.cn-es-01-81.libvirt_volume.disk_data2",
            "module.cn-es-01-81.libvirt_volume.image-qcow2"
          ]
        }
      ]
    },
    {
      "module": "module.cn-es-01-81",
      "mode": "managed",
      "type": "libvirt_pool",
      "name": "general",
      "provider": "module.cn-es-01-81.provider[\"registry.terraform.io/dmacvicar/libvirt\"]",
      "instances": [
        {
          "schema_version": 0,
          "attributes": {
            "allocation": 130969649152,
            "available": 3705778851840,
            "capacity": 3836748500992,
            "id": "2b260ef0-bbad-46e9-a348-724770aeafdf",
            "name": "cn-es-01-81_pool",
            "path": "/data/VMs/cn-es-01-81_pool",
            "type": "dir",
            "xml": []
          },
          "sensitive_attributes": [],
          "private": "bnVsbA=="
        }
      ]
    },
    {
      "module": "module.cn-es-01-81",
      "mode": "managed",
      "type": "libvirt_volume",
      "name": "disk_data1",
      "provider": "module.cn-es-01-81.provider[\"registry.terraform.io/dmacvicar/libvirt\"]",
      "instances": [
        {
          "schema_version": 0,
          "attributes": {
            "base_volume_id": null,
            "base_volume_name": null,
            "base_volume_pool": null,
            "format": "qcow2",
            "id": "/data/VMs/cn-es-01-81_pool/cn-es-01-81-disk-data1",
            "name": "cn-es-01-81-disk-data1",
            "pool": "cn-es-01-81_pool",
            "size": 53687091200,
            "source": null,
            "xml": []
          },
          "sensitive_attributes": [],
          "private": "bnVsbA==",
          "dependencies": [
            "module.cn-es-01-81.libvirt_pool.general"
          ]
        }
      ]
    },
    {
      "module": "module.cn-es-01-81",
      "mode": "managed",
      "type": "libvirt_volume",
      "name": "disk_data2",
      "provider": "module.cn-es-01-81.provider[\"registry.terraform.io/dmacvicar/libvirt\"]",
      "instances": [
        {
          "schema_version": 0,
          "attributes": {
            "base_volume_id": null,
            "base_volume_name": null,
            "base_volume_pool": null,
            "format": "qcow2",
            "id": "/data/VMs/cn-es-01-81_pool/cn-es-01-81-disk-data2",
            "name": "cn-es-01-81-disk-data2",
            "pool": "cn-es-01-81_pool",
            "size": 53687091200,
            "source": null,
            "xml": []
          },
          "sensitive_attributes": [],
          "private": "bnVsbA==",
          "dependencies": [
            "module.cn-es-01-81.libvirt_pool.general"
          ]
        }
      ]
    },
    {
      "module": "module.cn-es-01-81",
      "mode": "managed",
      "type": "libvirt_volume",
      "name": "image-qcow2",
      "provider": "module.cn-es-01-81.provider[\"registry.terraform.io/dmacvicar/libvirt\"]",
      "instances": [
        {
          "schema_version": 0,
          "attributes": {
            "base_volume_id": null,
            "base_volume_name": null,
            "base_volume_pool": null,
            "format": "qcow2",
            "id": "/data/VMs/cn-es-01-81_pool/cn-es-01-81_image.qcow2",
            "name": "cn-es-01-81_image.qcow2",
            "pool": "cn-es-01-81_pool",
            "size": 42949672960,
            "source": "http://172.16.0.1/dl/Template-GenericCloud-OL8U6.qcow2",
            "xml": []
          },
          "sensitive_attributes": [],
          "private": "bnVsbA==",
          "dependencies": [
            "module.cn-es-01-81.libvirt_pool.general"
          ]
        }
      ]
    },
    {
      "module": "module.cn-es-02-82",
      "mode": "data",
      "type": "template_file",
      "name": "network_config",
      "provider": "provider[\"registry.terraform.io/hashicorp/template\"]",
      "instances": [
        {
          "schema_version": 0,
          "attributes": {
            "filename": null,
            "id": "70301f755a5449729860bfbaa279aebd368fd153a96ff1eb684360172f593eca",
            "rendered": "version: 2\nethernets:\n  eth0:\n    dhcp4: false\n    addresses: [ 172.16.0.82/23 ]\n    gateway4: 172.16.0.1\n    nameservers:\n      addresses: [ 223.5.5.5 ]\n",
            "template": "version: 2\nethernets:\n  eth0:\n    dhcp4: false\n    addresses: [ ${ipaddr} ]\n    gateway4: ${gateway}\n    nameservers:\n      addresses: [ ${dns} ]\n",
            "vars": {
              "dns": "223.5.5.5",
              "gateway": "172.16.0.1",
              "ipaddr": "172.16.0.82/23"
            }
          },
          "sensitive_attributes": []
        }
      ]
    },
    {
      "module": "module.cn-es-02-82",
      "mode": "data",
      "type": "template_file",
      "name": "user_data",
      "provider": "provider[\"registry.terraform.io/hashicorp/template\"]",
      "instances": [
        {
          "schema_version": 0,
          "attributes": {
            "filename": null,
            "id": "e74fbf0717b570c2dc4b4c7f5d13ee21d5e0e0c46f5609b1144b87f134030643",
            "rendered": "#cloud-config\nhostname: cn-es-02-82\nusers:\n  - name: op\n    sudo: ALL=(ALL) NOPASSWD:ALL\n    groups: adm,sys\n    home: /home/op\n    shell: /bin/bash\n    lock_passwd: false\n    ssh_authorized_keys:\n      - ssh-rsa AAAAB3NzaC1yc2EAAAADAQABAAABgQDAC1wRW/BROyk4FXi1sO6U38+diLH1F/OBgC4Vr1Iz4KPH8ER95ITBy+eJu1eAfhS0PIdH3/sLFf13NurIbt/wrsUIsfKc4/cC2/cKI+bLfGUhVH99XNEHkcKgKJ1IeGvckiTZi4H37rYj4IRdAwOYAwYwkD+lV+UWCSVz3mGJh6CePysfQtTv0oc3AT2zXCnAi+dbBSNNZOnKWAC1pe9QXmMPcqkxFAs7xJZdl548dAdjFgw6AitjSKZjuSR0h6ABQ6Z0rdr05fo2kJcJiZSN8342TcYLBiv7Xrr6NdIbGvBClPxHcibVPU04tgOtMPea1e3/rA0XfClcjpgjhxZl2mw04UJdYVDjrfRw9gJvKufACMllr9MC6xxZbSBgfGlNxeYYFrGvSaYNPaUqRY5aVdpn5vaLU3ocDq+BuCLrYb4cqMXeQHIaSg/LTHMDUng7G3abcG0Kr0y2mbarYjc/BeyDPRPaniZUIWvjSwqL/Q+iFHJ7y9zkdW4kpH44XQM= op@bj-zhwsapp-01\nssh_pwauth: false\ndisable_root: false\nchpasswd:\n  list: |\n     op:Jieshi11gR2\n  expire: False\n\n# CentOS doesn't respect the hostname parameter above for some reason\nruncmd:\n  - [ \"/bin/bash\", \"-c\", \"sudo hostnamectl set-hostname cn-es-02-82\" ]\n",
            "template": "#cloud-config\nhostname: ${hostname}\nusers:\n  - name: op\n    sudo: ALL=(ALL) NOPASSWD:ALL\n    groups: adm,sys\n    home: /home/op\n    shell: /bin/bash\n    lock_passwd: false\n    ssh_authorized_keys:\n      - ssh-rsa AAAAB3NzaC1yc2EAAAADAQABAAABgQDAC1wRW/BROyk4FXi1sO6U38+diLH1F/OBgC4Vr1Iz4KPH8ER95ITBy+eJu1eAfhS0PIdH3/sLFf13NurIbt/wrsUIsfKc4/cC2/cKI+bLfGUhVH99XNEHkcKgKJ1IeGvckiTZi4H37rYj4IRdAwOYAwYwkD+lV+UWCSVz3mGJh6CePysfQtTv0oc3AT2zXCnAi+dbBSNNZOnKWAC1pe9QXmMPcqkxFAs7xJZdl548dAdjFgw6AitjSKZjuSR0h6ABQ6Z0rdr05fo2kJcJiZSN8342TcYLBiv7Xrr6NdIbGvBClPxHcibVPU04tgOtMPea1e3/rA0XfClcjpgjhxZl2mw04UJdYVDjrfRw9gJvKufACMllr9MC6xxZbSBgfGlNxeYYFrGvSaYNPaUqRY5aVdpn5vaLU3ocDq+BuCLrYb4cqMXeQHIaSg/LTHMDUng7G3abcG0Kr0y2mbarYjc/BeyDPRPaniZUIWvjSwqL/Q+iFHJ7y9zkdW4kpH44XQM= op@bj-zhwsapp-01\nssh_pwauth: false\ndisable_root: false\nchpasswd:\n  list: |\n     op:Jieshi11gR2\n  expire: False\n\n# CentOS doesn't respect the hostname parameter above for some reason\nruncmd:\n  - [ \"/bin/bash\", \"-c\", \"sudo hostnamectl set-hostname ${hostname}\" ]\n",
            "vars": {
              "hostname": "cn-es-02-82"
            }
          },
          "sensitive_attributes": []
        }
      ]
    },
    {
      "module": "module.cn-es-02-82",
      "mode": "managed",
      "type": "libvirt_cloudinit_disk",
      "name": "commoninit",
      "provider": "module.cn-es-02-82.provider[\"registry.terraform.io/dmacvicar/libvirt\"]",
      "instances": [
        {
          "schema_version": 0,
          "attributes": {
            "id": "/data/VMs/cn-es-02-82_pool/commoninit.iso;ca7fbe63-496c-4a31-b5a6-d025acba05f0",
            "meta_data": "",
            "name": "commoninit.iso",
            "network_config": "version: 2\nethernets:\n  eth0:\n    dhcp4: false\n    addresses: [ 172.16.0.82/23 ]\n    gateway4: 172.16.0.1\n    nameservers:\n      addresses: [ 223.5.5.5 ]\n",
            "pool": "cn-es-02-82_pool",
            "user_data": "#cloud-config\nhostname: cn-es-02-82\nusers:\n  - name: op\n    sudo: ALL=(ALL) NOPASSWD:ALL\n    groups: adm,sys\n    home: /home/op\n    shell: /bin/bash\n    lock_passwd: false\n    ssh_authorized_keys:\n      - ssh-rsa AAAAB3NzaC1yc2EAAAADAQABAAABgQDAC1wRW/BROyk4FXi1sO6U38+diLH1F/OBgC4Vr1Iz4KPH8ER95ITBy+eJu1eAfhS0PIdH3/sLFf13NurIbt/wrsUIsfKc4/cC2/cKI+bLfGUhVH99XNEHkcKgKJ1IeGvckiTZi4H37rYj4IRdAwOYAwYwkD+lV+UWCSVz3mGJh6CePysfQtTv0oc3AT2zXCnAi+dbBSNNZOnKWAC1pe9QXmMPcqkxFAs7xJZdl548dAdjFgw6AitjSKZjuSR0h6ABQ6Z0rdr05fo2kJcJiZSN8342TcYLBiv7Xrr6NdIbGvBClPxHcibVPU04tgOtMPea1e3/rA0XfClcjpgjhxZl2mw04UJdYVDjrfRw9gJvKufACMllr9MC6xxZbSBgfGlNxeYYFrGvSaYNPaUqRY5aVdpn5vaLU3ocDq+BuCLrYb4cqMXeQHIaSg/LTHMDUng7G3abcG0Kr0y2mbarYjc/BeyDPRPaniZUIWvjSwqL/Q+iFHJ7y9zkdW4kpH44XQM= op@bj-zhwsapp-01\nssh_pwauth: false\ndisable_root: false\nchpasswd:\n  list: |\n     op:Jieshi11gR2\n  expire: False\n\n# CentOS doesn't respect the hostname parameter above for some reason\nruncmd:\n  - [ \"/bin/bash\", \"-c\", \"sudo hostnamectl set-hostname cn-es-02-82\" ]\n"
          },
          "sensitive_attributes": [],
          "private": "bnVsbA==",
          "dependencies": [
            "module.cn-es-02-82.data.template_file.network_config",
            "module.cn-es-02-82.data.template_file.user_data",
            "module.cn-es-02-82.libvirt_pool.general"
          ]
        }
      ]
    },
    {
      "module": "module.cn-es-02-82",
      "mode": "managed",
      "type": "libvirt_domain",
      "name": "general-domain",
      "provider": "module.cn-es-02-82.provider[\"registry.terraform.io/dmacvicar/libvirt\"]",
      "instances": [
        {
          "schema_version": 0,
          "attributes": {
            "arch": "x86_64",
            "autostart": false,
            "boot_device": [],
            "cloudinit": "/data/VMs/cn-es-02-82_pool/commoninit.iso;ca7fbe63-496c-4a31-b5a6-d025acba05f0",
            "cmdline": null,
            "console": [
              {
                "source_host": "127.0.0.1",
                "source_path": "",
                "source_service": "0",
                "target_port": "0",
                "target_type": "serial",
                "type": "pty"
              }
            ],
            "coreos_ignition": null,
            "cpu": [
              {
                "mode": "custom"
              }
            ],
            "description": "",
            "disk": [
              {
                "block_device": "",
                "file": "",
                "scsi": false,
                "url": "",
                "volume_id": "/data/VMs/cn-es-02-82_pool/cn-es-02-82_image.qcow2",
                "wwn": ""
              },
              {
                "block_device": "",
                "file": "",
                "scsi": false,
                "url": "",
                "volume_id": "/data/VMs/cn-es-02-82_pool/cn-es-02-82-disk-data1",
                "wwn": ""
              },
              {
                "block_device": "",
                "file": "",
                "scsi": false,
                "url": "",
                "volume_id": "/data/VMs/cn-es-02-82_pool/cn-es-02-82-disk-data2",
                "wwn": ""
              }
            ],
            "emulator": "/usr/libexec/qemu-kvm",
            "filesystem": [],
            "firmware": null,
            "fw_cfg_name": "opt/com.coreos/config",
            "graphics": [
              {
                "autoport": true,
                "listen_address": "127.0.0.1",
                "listen_type": "address",
                "type": "vnc",
                "websocket": 0
              }
            ],
            "id": "007dd0d4-def8-48c7-9f69-ede8781371d0",
            "initrd": "",
            "kernel": "",
            "machine": "pc",
            "memory": 30720,
            "metadata": null,
            "name": "cn-es-02-82",
            "network_interface": [
              {
                "addresses": [],
                "bridge": "br0",
                "hostname": "",
                "mac": "52:54:00:A2:0A:FD",
                "macvtap": "",
                "network_id": "",
                "network_name": "",
                "passthrough": "",
                "vepa": "",
                "wait_for_lease": false
              }
            ],
            "nvram": [],
            "qemu_agent": false,
            "running": true,
            "timeouts": null,
            "tpm": [],
            "vcpu": 16,
            "video": [],
            "xml": []
          },
          "sensitive_attributes": [],
          "private": "eyJlMmJmYjczMC1lY2FhLTExZTYtOGY4OC0zNDM2M2JjN2M0YzAiOnsiY3JlYXRlIjozMDAwMDAwMDAwMDB9fQ==",
          "dependencies": [
            "module.cn-es-02-82.data.template_file.network_config",
            "module.cn-es-02-82.data.template_file.user_data",
            "module.cn-es-02-82.libvirt_cloudinit_disk.commoninit",
            "module.cn-es-02-82.libvirt_pool.general",
            "module.cn-es-02-82.libvirt_volume.disk_data1",
            "module.cn-es-02-82.libvirt_volume.disk_data2",
            "module.cn-es-02-82.libvirt_volume.image-qcow2"
          ]
        }
      ]
    },
    {
      "module": "module.cn-es-02-82",
      "mode": "managed",
      "type": "libvirt_pool",
      "name": "general",
      "provider": "module.cn-es-02-82.provider[\"registry.terraform.io/dmacvicar/libvirt\"]",
      "instances": [
        {
          "schema_version": 0,
          "attributes": {
            "allocation": 168842674176,
            "available": 3667905826816,
            "capacity": 3836748500992,
            "id": "298293b7-3808-4330-a9b3-0f229ae2563e",
            "name": "cn-es-02-82_pool",
            "path": "/data/VMs/cn-es-02-82_pool",
            "type": "dir",
            "xml": []
          },
          "sensitive_attributes": [],
          "private": "bnVsbA=="
        }
      ]
    },
    {
      "module": "module.cn-es-02-82",
      "mode": "managed",
      "type": "libvirt_volume",
      "name": "disk_data1",
      "provider": "module.cn-es-02-82.provider[\"registry.terraform.io/dmacvicar/libvirt\"]",
      "instances": [
        {
          "schema_version": 0,
          "attributes": {
            "base_volume_id": null,
            "base_volume_name": null,
            "base_volume_pool": null,
            "format": "qcow2",
            "id": "/data/VMs/cn-es-02-82_pool/cn-es-02-82-disk-data1",
            "name": "cn-es-02-82-disk-data1",
            "pool": "cn-es-02-82_pool",
            "size": 53687091200,
            "source": null,
            "xml": []
          },
          "sensitive_attributes": [],
          "private": "bnVsbA==",
          "dependencies": [
            "module.cn-es-02-82.libvirt_pool.general"
          ]
        }
      ]
    },
    {
      "module": "module.cn-es-02-82",
      "mode": "managed",
      "type": "libvirt_volume",
      "name": "disk_data2",
      "provider": "module.cn-es-02-82.provider[\"registry.terraform.io/dmacvicar/libvirt\"]",
      "instances": [
        {
          "schema_version": 0,
          "attributes": {
            "base_volume_id": null,
            "base_volume_name": null,
            "base_volume_pool": null,
            "format": "qcow2",
            "id": "/data/VMs/cn-es-02-82_pool/cn-es-02-82-disk-data2",
            "name": "cn-es-02-82-disk-data2",
            "pool": "cn-es-02-82_pool",
            "size": 53687091200,
            "source": null,
            "xml": []
          },
          "sensitive_attributes": [],
          "private": "bnVsbA==",
          "dependencies": [
            "module.cn-es-02-82.libvirt_pool.general"
          ]
        }
      ]
    },
    {
      "module": "module.cn-es-02-82",
      "mode": "managed",
      "type": "libvirt_volume",
      "name": "image-qcow2",
      "provider": "module.cn-es-02-82.provider[\"registry.terraform.io/dmacvicar/libvirt\"]",
      "instances": [
        {
          "schema_version": 0,
          "attributes": {
            "base_volume_id": null,
            "base_volume_name": null,
            "base_volume_pool": null,
            "format": "qcow2",
            "id": "/data/VMs/cn-es-02-82_pool/cn-es-02-82_image.qcow2",
            "name": "cn-es-02-82_image.qcow2",
            "pool": "cn-es-02-82_pool",
            "size": 42949672960,
            "source": "http://172.16.0.1/dl/Template-GenericCloud-OL8U6.qcow2",
            "xml": []
          },
          "sensitive_attributes": [],
          "private": "bnVsbA==",
          "dependencies": [
            "module.cn-es-02-82.libvirt_pool.general"
          ]
        }
      ]
    },
    {
      "module": "module.cn-es-03-83",
      "mode": "data",
      "type": "template_file",
      "name": "network_config",
      "provider": "provider[\"registry.terraform.io/hashicorp/template\"]",
      "instances": [
        {
          "schema_version": 0,
          "attributes": {
            "filename": null,
            "id": "26966465286e62d9967931134e41d6ca2ea7e509ed9b25f4313de73063e14067",
            "rendered": "version: 2\nethernets:\n  eth0:\n    dhcp4: false\n    addresses: [ 172.16.0.83/23 ]\n    gateway4: 172.16.0.1\n    nameservers:\n      addresses: [ 223.5.5.5 ]\n",
            "template": "version: 2\nethernets:\n  eth0:\n    dhcp4: false\n    addresses: [ ${ipaddr} ]\n    gateway4: ${gateway}\n    nameservers:\n      addresses: [ ${dns} ]\n",
            "vars": {
              "dns": "223.5.5.5",
              "gateway": "172.16.0.1",
              "ipaddr": "172.16.0.83/23"
            }
          },
          "sensitive_attributes": []
        }
      ]
    },
    {
      "module": "module.cn-es-03-83",
      "mode": "data",
      "type": "template_file",
      "name": "user_data",
      "provider": "provider[\"registry.terraform.io/hashicorp/template\"]",
      "instances": [
        {
          "schema_version": 0,
          "attributes": {
            "filename": null,
            "id": "0a098ee3e04cdd7b419238a0240518f6fcebdeb99ef1d9ec1ef41ab1d8a3283e",
            "rendered": "#cloud-config\nhostname: cn-es-03-83\nusers:\n  - name: op\n    sudo: ALL=(ALL) NOPASSWD:ALL\n    groups: adm,sys\n    home: /home/op\n    shell: /bin/bash\n    lock_passwd: false\n    ssh_authorized_keys:\n      - ssh-rsa AAAAB3NzaC1yc2EAAAADAQABAAABgQDAC1wRW/BROyk4FXi1sO6U38+diLH1F/OBgC4Vr1Iz4KPH8ER95ITBy+eJu1eAfhS0PIdH3/sLFf13NurIbt/wrsUIsfKc4/cC2/cKI+bLfGUhVH99XNEHkcKgKJ1IeGvckiTZi4H37rYj4IRdAwOYAwYwkD+lV+UWCSVz3mGJh6CePysfQtTv0oc3AT2zXCnAi+dbBSNNZOnKWAC1pe9QXmMPcqkxFAs7xJZdl548dAdjFgw6AitjSKZjuSR0h6ABQ6Z0rdr05fo2kJcJiZSN8342TcYLBiv7Xrr6NdIbGvBClPxHcibVPU04tgOtMPea1e3/rA0XfClcjpgjhxZl2mw04UJdYVDjrfRw9gJvKufACMllr9MC6xxZbSBgfGlNxeYYFrGvSaYNPaUqRY5aVdpn5vaLU3ocDq+BuCLrYb4cqMXeQHIaSg/LTHMDUng7G3abcG0Kr0y2mbarYjc/BeyDPRPaniZUIWvjSwqL/Q+iFHJ7y9zkdW4kpH44XQM= op@bj-zhwsapp-01\nssh_pwauth: false\ndisable_root: false\nchpasswd:\n  list: |\n     op:Jieshi11gR2\n  expire: False\n\n# CentOS doesn't respect the hostname parameter above for some reason\nruncmd:\n  - [ \"/bin/bash\", \"-c\", \"sudo hostnamectl set-hostname cn-es-03-83\" ]\n",
            "template": "#cloud-config\nhostname: ${hostname}\nusers:\n  - name: op\n    sudo: ALL=(ALL) NOPASSWD:ALL\n    groups: adm,sys\n    home: /home/op\n    shell: /bin/bash\n    lock_passwd: false\n    ssh_authorized_keys:\n      - ssh-rsa AAAAB3NzaC1yc2EAAAADAQABAAABgQDAC1wRW/BROyk4FXi1sO6U38+diLH1F/OBgC4Vr1Iz4KPH8ER95ITBy+eJu1eAfhS0PIdH3/sLFf13NurIbt/wrsUIsfKc4/cC2/cKI+bLfGUhVH99XNEHkcKgKJ1IeGvckiTZi4H37rYj4IRdAwOYAwYwkD+lV+UWCSVz3mGJh6CePysfQtTv0oc3AT2zXCnAi+dbBSNNZOnKWAC1pe9QXmMPcqkxFAs7xJZdl548dAdjFgw6AitjSKZjuSR0h6ABQ6Z0rdr05fo2kJcJiZSN8342TcYLBiv7Xrr6NdIbGvBClPxHcibVPU04tgOtMPea1e3/rA0XfClcjpgjhxZl2mw04UJdYVDjrfRw9gJvKufACMllr9MC6xxZbSBgfGlNxeYYFrGvSaYNPaUqRY5aVdpn5vaLU3ocDq+BuCLrYb4cqMXeQHIaSg/LTHMDUng7G3abcG0Kr0y2mbarYjc/BeyDPRPaniZUIWvjSwqL/Q+iFHJ7y9zkdW4kpH44XQM= op@bj-zhwsapp-01\nssh_pwauth: false\ndisable_root: false\nchpasswd:\n  list: |\n     op:Jieshi11gR2\n  expire: False\n\n# CentOS doesn't respect the hostname parameter above for some reason\nruncmd:\n  - [ \"/bin/bash\", \"-c\", \"sudo hostnamectl set-hostname ${hostname}\" ]\n",
            "vars": {
              "hostname": "cn-es-03-83"
            }
          },
          "sensitive_attributes": []
        }
      ]
    },
    {
      "module": "module.cn-es-03-83",
      "mode": "managed",
      "type": "libvirt_cloudinit_disk",
      "name": "commoninit",
      "provider": "module.cn-es-03-83.provider[\"registry.terraform.io/dmacvicar/libvirt\"]",
      "instances": [
        {
          "schema_version": 0,
          "attributes": {
            "id": "/data/VMs/cn-es-03-83_pool/commoninit.iso;31a4e17e-10cd-49dc-8846-a0d8afffe4d7",
            "meta_data": "",
            "name": "commoninit.iso",
            "network_config": "version: 2\nethernets:\n  eth0:\n    dhcp4: false\n    addresses: [ 172.16.0.83/23 ]\n    gateway4: 172.16.0.1\n    nameservers:\n      addresses: [ 223.5.5.5 ]\n",
            "pool": "cn-es-03-83_pool",
            "user_data": "#cloud-config\nhostname: cn-es-03-83\nusers:\n  - name: op\n    sudo: ALL=(ALL) NOPASSWD:ALL\n    groups: adm,sys\n    home: /home/op\n    shell: /bin/bash\n    lock_passwd: false\n    ssh_authorized_keys:\n      - ssh-rsa AAAAB3NzaC1yc2EAAAADAQABAAABgQDAC1wRW/BROyk4FXi1sO6U38+diLH1F/OBgC4Vr1Iz4KPH8ER95ITBy+eJu1eAfhS0PIdH3/sLFf13NurIbt/wrsUIsfKc4/cC2/cKI+bLfGUhVH99XNEHkcKgKJ1IeGvckiTZi4H37rYj4IRdAwOYAwYwkD+lV+UWCSVz3mGJh6CePysfQtTv0oc3AT2zXCnAi+dbBSNNZOnKWAC1pe9QXmMPcqkxFAs7xJZdl548dAdjFgw6AitjSKZjuSR0h6ABQ6Z0rdr05fo2kJcJiZSN8342TcYLBiv7Xrr6NdIbGvBClPxHcibVPU04tgOtMPea1e3/rA0XfClcjpgjhxZl2mw04UJdYVDjrfRw9gJvKufACMllr9MC6xxZbSBgfGlNxeYYFrGvSaYNPaUqRY5aVdpn5vaLU3ocDq+BuCLrYb4cqMXeQHIaSg/LTHMDUng7G3abcG0Kr0y2mbarYjc/BeyDPRPaniZUIWvjSwqL/Q+iFHJ7y9zkdW4kpH44XQM= op@bj-zhwsapp-01\nssh_pwauth: false\ndisable_root: false\nchpasswd:\n  list: |\n     op:Jieshi11gR2\n  expire: False\n\n# CentOS doesn't respect the hostname parameter above for some reason\nruncmd:\n  - [ \"/bin/bash\", \"-c\", \"sudo hostnamectl set-hostname cn-es-03-83\" ]\n"
          },
          "sensitive_attributes": [],
          "private": "bnVsbA==",
          "dependencies": [
            "module.cn-es-03-83.data.template_file.network_config",
            "module.cn-es-03-83.data.template_file.user_data",
            "module.cn-es-03-83.libvirt_pool.general"
          ]
        }
      ]
    },
    {
      "module": "module.cn-es-03-83",
      "mode": "managed",
      "type": "libvirt_domain",
      "name": "general-domain",
      "provider": "module.cn-es-03-83.provider[\"registry.terraform.io/dmacvicar/libvirt\"]",
      "instances": [
        {
          "schema_version": 0,
          "attributes": {
            "arch": "x86_64",
            "autostart": false,
            "boot_device": [],
            "cloudinit": "/data/VMs/cn-es-03-83_pool/commoninit.iso;31a4e17e-10cd-49dc-8846-a0d8afffe4d7",
            "cmdline": null,
            "console": [
              {
                "source_host": "127.0.0.1",
                "source_path": "",
                "source_service": "0",
                "target_port": "0",
                "target_type": "serial",
                "type": "pty"
              }
            ],
            "coreos_ignition": null,
            "cpu": [
              {
                "mode": "custom"
              }
            ],
            "description": "",
            "disk": [
              {
                "block_device": "",
                "file": "",
                "scsi": false,
                "url": "",
                "volume_id": "/data/VMs/cn-es-03-83_pool/cn-es-03-83_image.qcow2",
                "wwn": ""
              },
              {
                "block_device": "",
                "file": "",
                "scsi": false,
                "url": "",
                "volume_id": "/data/VMs/cn-es-03-83_pool/cn-es-03-83-disk-data1",
                "wwn": ""
              },
              {
                "block_device": "",
                "file": "",
                "scsi": false,
                "url": "",
                "volume_id": "/data/VMs/cn-es-03-83_pool/cn-es-03-83-disk-data2",
                "wwn": ""
              }
            ],
            "emulator": "/usr/libexec/qemu-kvm",
            "filesystem": [],
            "firmware": null,
            "fw_cfg_name": "opt/com.coreos/config",
            "graphics": [
              {
                "autoport": true,
                "listen_address": "127.0.0.1",
                "listen_type": "address",
                "type": "vnc",
                "websocket": 0
              }
            ],
            "id": "2196a7a5-0061-48a7-a86b-9be9ef60c41d",
            "initrd": "",
            "kernel": "",
            "machine": "pc",
            "memory": 30720,
            "metadata": null,
            "name": "cn-es-03-83",
            "network_interface": [
              {
                "addresses": [],
                "bridge": "br0",
                "hostname": "",
                "mac": "52:54:00:A6:60:44",
                "macvtap": "",
                "network_id": "",
                "network_name": "",
                "passthrough": "",
                "vepa": "",
                "wait_for_lease": false
              }
            ],
            "nvram": [],
            "qemu_agent": false,
            "running": true,
            "timeouts": null,
            "tpm": [],
            "vcpu": 16,
            "video": [],
            "xml": []
          },
          "sensitive_attributes": [],
          "private": "eyJlMmJmYjczMC1lY2FhLTExZTYtOGY4OC0zNDM2M2JjN2M0YzAiOnsiY3JlYXRlIjozMDAwMDAwMDAwMDB9fQ==",
          "dependencies": [
            "module.cn-es-03-83.data.template_file.network_config",
            "module.cn-es-03-83.data.template_file.user_data",
            "module.cn-es-03-83.libvirt_cloudinit_disk.commoninit",
            "module.cn-es-03-83.libvirt_pool.general",
            "module.cn-es-03-83.libvirt_volume.disk_data1",
            "module.cn-es-03-83.libvirt_volume.disk_data2",
            "module.cn-es-03-83.libvirt_volume.image-qcow2"
          ]
        }
      ]
    },
    {
      "module": "module.cn-es-03-83",
      "mode": "managed",
      "type": "libvirt_pool",
      "name": "general",
      "provider": "module.cn-es-03-83.provider[\"registry.terraform.io/dmacvicar/libvirt\"]",
      "instances": [
        {
          "schema_version": 0,
          "attributes": {
            "allocation": 937604878336,
            "available": 2899143622656,
            "capacity": 3836748500992,
            "id": "fbb14c73-bf7e-4594-9c94-b9ce886e03ca",
            "name": "cn-es-03-83_pool",
            "path": "/data/VMs/cn-es-03-83_pool",
            "type": "dir",
            "xml": []
          },
          "sensitive_attributes": [],
          "private": "bnVsbA=="
        }
      ]
    },
    {
      "module": "module.cn-es-03-83",
      "mode": "managed",
      "type": "libvirt_volume",
      "name": "disk_data1",
      "provider": "module.cn-es-03-83.provider[\"registry.terraform.io/dmacvicar/libvirt\"]",
      "instances": [
        {
          "schema_version": 0,
          "attributes": {
            "base_volume_id": null,
            "base_volume_name": null,
            "base_volume_pool": null,
            "format": "qcow2",
            "id": "/data/VMs/cn-es-03-83_pool/cn-es-03-83-disk-data1",
            "name": "cn-es-03-83-disk-data1",
            "pool": "cn-es-03-83_pool",
            "size": 53687091200,
            "source": null,
            "xml": []
          },
          "sensitive_attributes": [],
          "private": "bnVsbA==",
          "dependencies": [
            "module.cn-es-03-83.libvirt_pool.general"
          ]
        }
      ]
    },
    {
      "module": "module.cn-es-03-83",
      "mode": "managed",
      "type": "libvirt_volume",
      "name": "disk_data2",
      "provider": "module.cn-es-03-83.provider[\"registry.terraform.io/dmacvicar/libvirt\"]",
      "instances": [
        {
          "schema_version": 0,
          "attributes": {
            "base_volume_id": null,
            "base_volume_name": null,
            "base_volume_pool": null,
            "format": "qcow2",
            "id": "/data/VMs/cn-es-03-83_pool/cn-es-03-83-disk-data2",
            "name": "cn-es-03-83-disk-data2",
            "pool": "cn-es-03-83_pool",
            "size": 53687091200,
            "source": null,
            "xml": []
          },
          "sensitive_attributes": [],
          "private": "bnVsbA==",
          "dependencies": [
            "module.cn-es-03-83.libvirt_pool.general"
          ]
        }
      ]
    },
    {
      "module": "module.cn-es-03-83",
      "mode": "managed",
      "type": "libvirt_volume",
      "name": "image-qcow2",
      "provider": "module.cn-es-03-83.provider[\"registry.terraform.io/dmacvicar/libvirt\"]",
      "instances": [
        {
          "schema_version": 0,
          "attributes": {
            "base_volume_id": null,
            "base_volume_name": null,
            "base_volume_pool": null,
            "format": "qcow2",
            "id": "/data/VMs/cn-es-03-83_pool/cn-es-03-83_image.qcow2",
            "name": "cn-es-03-83_image.qcow2",
            "pool": "cn-es-03-83_pool",
            "size": 42949672960,
            "source": "http://172.16.0.1/dl/Template-GenericCloud-OL8U6.qcow2",
            "xml": []
          },
          "sensitive_attributes": [],
          "private": "bnVsbA==",
          "dependencies": [
            "module.cn-es-03-83.libvirt_pool.general"
          ]
        }
      ]
    }
  ]
}
